{
  "version": 4,
  "terraform_version": "1.1.2",
  "serial": 243,
  "lineage": "915a7e9c-1a5b-c60c-19d6-a81949204407",
  "outputs": {
    "Ext_workspace_id": {
      "value": "7919f243-275b-4634-8f42-65a87abdc676",
      "type": "string",
      "sensitive": true
    },
    "primary_shared_key": {
      "value": "7WpIS+UQ71dP/+w+8rRn+kPTbrAkZYb+c+QNKRj41MZPh4E2OuG7sJvQZpUhvEpTpn0JliIFxri24mXkAbSQ5g==",
      "type": "string",
      "sensitive": true
    }
  },
  "resources": [
    {
      "mode": "managed",
      "type": "azurerm_linux_virtual_machine",
      "name": "mgmtvm",
      "provider": "provider[\"registry.terraform.io/hashicorp/azurerm\"]",
      "instances": [
        {
          "schema_version": 0,
          "attributes": {
            "additional_capabilities": [],
            "admin_password": "root@123",
            "admin_ssh_key": [],
            "admin_username": "azureuser",
            "allow_extension_operations": true,
            "availability_set_id": "",
            "boot_diagnostics": [],
            "computer_name": "aim-dev-mgmt-vm",
            "custom_data": null,
            "dedicated_host_group_id": "",
            "dedicated_host_id": "",
            "disable_password_authentication": false,
            "encryption_at_host_enabled": false,
            "eviction_policy": "",
            "extensions_time_budget": "PT1H30M",
            "id": "/subscriptions/4477db70-a73b-4972-93d8-5feaed9f53b2/resourceGroups/aim-dev-RG1/providers/Microsoft.Compute/virtualMachines/aim-dev-mgmt-vm",
            "identity": [],
            "license_type": "",
            "location": "eastus",
            "max_bid_price": -1,
            "name": "aim-dev-mgmt-vm",
            "network_interface_ids": [
              "/subscriptions/4477db70-a73b-4972-93d8-5feaed9f53b2/resourceGroups/aim-dev-RG1/providers/Microsoft.Network/networkInterfaces/aim-dev-mgmtvm-nic"
            ],
            "os_disk": [
              {
                "caching": "ReadWrite",
                "diff_disk_settings": [],
                "disk_encryption_set_id": "",
                "disk_size_gb": 64,
                "name": "aim-dev-mgmt-vm_OsDisk_1_24356f86688e4f359dadbee0b799f02d",
                "storage_account_type": "Standard_LRS",
                "write_accelerator_enabled": false
              }
            ],
            "patch_mode": "ImageDefault",
            "plan": [],
            "platform_fault_domain": -1,
            "priority": "Regular",
            "private_ip_address": "20.0.1.4",
            "private_ip_addresses": [
              "20.0.1.4"
            ],
            "provision_vm_agent": true,
            "proximity_placement_group_id": "",
            "public_ip_address": "52.170.234.105",
            "public_ip_addresses": [
              "52.170.234.105"
            ],
            "resource_group_name": "aim-dev-RG1",
            "secret": [],
            "secure_boot_enabled": false,
            "size": "Standard_DS1_v2",
            "source_image_id": "",
            "source_image_reference": [
              {
                "offer": "RHEL",
                "publisher": "RedHat",
                "sku": "83-gen2",
                "version": "latest"
              }
            ],
            "tags": null,
            "timeouts": null,
            "user_data": "",
            "virtual_machine_id": "b8aa625d-20e0-49d9-a452-0d723d606757",
            "virtual_machine_scale_set_id": "",
            "vtpm_enabled": false,
            "zone": ""
          },
          "sensitive_attributes": [],
          "private": "eyJlMmJmYjczMC1lY2FhLTExZTYtOGY4OC0zNDM2M2JjN2M0YzAiOnsiY3JlYXRlIjoyNzAwMDAwMDAwMDAwLCJkZWxldGUiOjI3MDAwMDAwMDAwMDAsInJlYWQiOjMwMDAwMDAwMDAwMCwidXBkYXRlIjoyNzAwMDAwMDAwMDAwfX0=",
          "dependencies": [
            "azurerm_network_interface.mgmt_vm_nic_interface",
            "azurerm_public_ip.mgmtvm_public_ip_address",
            "azurerm_resource_group.RG1",
            "azurerm_subnet.mgmt_subnet",
            "azurerm_virtual_network.mgmt_vnet"
          ]
        }
      ]
    },
    {
      "mode": "managed",
      "type": "azurerm_log_analytics_workspace",
      "name": "test-workspace",
      "provider": "provider[\"registry.terraform.io/hashicorp/azurerm\"]",
      "instances": [
        {
          "schema_version": 2,
          "attributes": {
            "daily_quota_gb": -1,
            "id": "/subscriptions/4477db70-a73b-4972-93d8-5feaed9f53b2/resourceGroups/aim-dev-RG1/providers/Microsoft.OperationalInsights/workspaces/test-log-analytics-workspace",
            "internet_ingestion_enabled": true,
            "internet_query_enabled": true,
            "location": "eastus",
            "name": "test-log-analytics-workspace",
            "portal_url": "",
            "primary_shared_key": "7WpIS+UQ71dP/+w+8rRn+kPTbrAkZYb+c+QNKRj41MZPh4E2OuG7sJvQZpUhvEpTpn0JliIFxri24mXkAbSQ5g==",
            "reservation_capacity_in_gb_per_day": null,
            "reservation_capcity_in_gb_per_day": null,
            "resource_group_name": "aim-dev-RG1",
            "retention_in_days": 45,
            "secondary_shared_key": "mAZP/YJZJA5Fb+EnyQaPvDfrHplRVmdxN19A8VkH2PxWaqeH/SRY3eSOrf3RS0bf+kI3q2sHaetX+qb8eZANEg==",
            "sku": "pergb2018",
            "tags": null,
            "timeouts": null,
            "workspace_id": "7919f243-275b-4634-8f42-65a87abdc676"
          },
          "sensitive_attributes": [],
          "private": "eyJlMmJmYjczMC1lY2FhLTExZTYtOGY4OC0zNDM2M2JjN2M0YzAiOnsiY3JlYXRlIjoxODAwMDAwMDAwMDAwLCJkZWxldGUiOjE4MDAwMDAwMDAwMDAsInJlYWQiOjMwMDAwMDAwMDAwMCwidXBkYXRlIjoxODAwMDAwMDAwMDAwfSwic2NoZW1hX3ZlcnNpb24iOiIyIn0=",
          "dependencies": [
            "azurerm_resource_group.RG1"
          ]
        }
      ]
    },
    {
      "mode": "managed",
      "type": "azurerm_network_interface",
      "name": "app_vm_nic_interface",
      "provider": "provider[\"registry.terraform.io/hashicorp/azurerm\"]",
      "instances": [
        {
          "schema_version": 0,
          "attributes": {
            "applied_dns_servers": [],
            "dns_servers": [],
            "enable_accelerated_networking": false,
            "enable_ip_forwarding": false,
            "id": "/subscriptions/4477db70-a73b-4972-93d8-5feaed9f53b2/resourceGroups/aim-dev-RG1/providers/Microsoft.Network/networkInterfaces/aim-dev-appvm-nic",
            "internal_dns_name_label": "",
            "internal_domain_name_suffix": "hfxn5jlgns5efe3hqiptpjx1sc.bx.internal.cloudapp.net",
            "ip_configuration": [
              {
                "gateway_load_balancer_frontend_ip_configuration_id": "",
                "name": "app_vm_nic",
                "primary": true,
                "private_ip_address": "10.0.2.4",
                "private_ip_address_allocation": "Dynamic",
                "private_ip_address_version": "IPv4",
                "public_ip_address_id": "/subscriptions/4477db70-a73b-4972-93d8-5feaed9f53b2/resourceGroups/aim-dev-RG1/providers/Microsoft.Network/publicIPAddresses/aim-dev-appvm-public-ip",
                "subnet_id": "/subscriptions/4477db70-a73b-4972-93d8-5feaed9f53b2/resourceGroups/aim-dev-RG1/providers/Microsoft.Network/virtualNetworks/aim-dev-vnet_app/subnets/aim-dev-appsubnet"
              }
            ],
            "location": "eastus",
            "mac_address": "00-0D-3A-55-50-8C",
            "name": "aim-dev-appvm-nic",
            "private_ip_address": "10.0.2.4",
            "private_ip_addresses": [
              "10.0.2.4"
            ],
            "resource_group_name": "aim-dev-RG1",
            "tags": {},
            "timeouts": null,
            "virtual_machine_id": "/subscriptions/4477db70-a73b-4972-93d8-5feaed9f53b2/resourceGroups/aim-dev-RG1/providers/Microsoft.Compute/virtualMachines/aim-dev-winvm"
          },
          "sensitive_attributes": [],
          "private": "eyJlMmJmYjczMC1lY2FhLTExZTYtOGY4OC0zNDM2M2JjN2M0YzAiOnsiY3JlYXRlIjoxODAwMDAwMDAwMDAwLCJkZWxldGUiOjE4MDAwMDAwMDAwMDAsInJlYWQiOjMwMDAwMDAwMDAwMCwidXBkYXRlIjoxODAwMDAwMDAwMDAwfX0=",
          "dependencies": [
            "azurerm_virtual_network.app_vnet",
            "azurerm_public_ip.appvm_public_ip_address",
            "azurerm_resource_group.RG1",
            "azurerm_subnet.app_subnet"
          ]
        }
      ]
    },
    {
      "mode": "managed",
      "type": "azurerm_network_interface",
      "name": "mgmt_vm_nic_interface",
      "provider": "provider[\"registry.terraform.io/hashicorp/azurerm\"]",
      "instances": [
        {
          "schema_version": 0,
          "attributes": {
            "applied_dns_servers": [],
            "dns_servers": [],
            "enable_accelerated_networking": false,
            "enable_ip_forwarding": false,
            "id": "/subscriptions/4477db70-a73b-4972-93d8-5feaed9f53b2/resourceGroups/aim-dev-RG1/providers/Microsoft.Network/networkInterfaces/aim-dev-mgmtvm-nic",
            "internal_dns_name_label": "",
            "internal_domain_name_suffix": "udkiuka5z04evbdwzy2lkxxc5f.bx.internal.cloudapp.net",
            "ip_configuration": [
              {
                "gateway_load_balancer_frontend_ip_configuration_id": "",
                "name": "mgmt_vm_nic",
                "primary": true,
                "private_ip_address": "20.0.1.4",
                "private_ip_address_allocation": "Dynamic",
                "private_ip_address_version": "IPv4",
                "public_ip_address_id": "/subscriptions/4477db70-a73b-4972-93d8-5feaed9f53b2/resourceGroups/aim-dev-RG1/providers/Microsoft.Network/publicIPAddresses/aim-dev-mgmtvm-public-ip",
                "subnet_id": "/subscriptions/4477db70-a73b-4972-93d8-5feaed9f53b2/resourceGroups/aim-dev-RG1/providers/Microsoft.Network/virtualNetworks/aim-dev-vnet_mgmt/subnets/aim-dev-mgmtsubnet"
              }
            ],
            "location": "eastus",
            "mac_address": "",
            "name": "aim-dev-mgmtvm-nic",
            "private_ip_address": "20.0.1.4",
            "private_ip_addresses": [
              "20.0.1.4"
            ],
            "resource_group_name": "aim-dev-RG1",
            "tags": null,
            "timeouts": null,
            "virtual_machine_id": ""
          },
          "sensitive_attributes": [],
          "private": "eyJlMmJmYjczMC1lY2FhLTExZTYtOGY4OC0zNDM2M2JjN2M0YzAiOnsiY3JlYXRlIjoxODAwMDAwMDAwMDAwLCJkZWxldGUiOjE4MDAwMDAwMDAwMDAsInJlYWQiOjMwMDAwMDAwMDAwMCwidXBkYXRlIjoxODAwMDAwMDAwMDAwfX0=",
          "dependencies": [
            "azurerm_public_ip.mgmtvm_public_ip_address",
            "azurerm_resource_group.RG1",
            "azurerm_subnet.mgmt_subnet",
            "azurerm_virtual_network.mgmt_vnet"
          ]
        }
      ]
    },
    {
      "mode": "managed",
      "type": "azurerm_public_ip",
      "name": "appvm_public_ip_address",
      "provider": "provider[\"registry.terraform.io/hashicorp/azurerm\"]",
      "instances": [
        {
          "schema_version": 0,
          "attributes": {
            "allocation_method": "Static",
            "availability_zone": "No-Zone",
            "domain_name_label": null,
            "fqdn": null,
            "id": "/subscriptions/4477db70-a73b-4972-93d8-5feaed9f53b2/resourceGroups/aim-dev-RG1/providers/Microsoft.Network/publicIPAddresses/aim-dev-appvm-public-ip",
            "idle_timeout_in_minutes": 4,
            "ip_address": "52.170.234.104",
            "ip_tags": {},
            "ip_version": "IPv4",
            "location": "eastus",
            "name": "aim-dev-appvm-public-ip",
            "public_ip_prefix_id": null,
            "resource_group_name": "aim-dev-RG1",
            "reverse_fqdn": null,
            "sku": "Basic",
            "sku_tier": "Regional",
            "tags": {},
            "timeouts": null,
            "zones": []
          },
          "sensitive_attributes": [],
          "private": "eyJlMmJmYjczMC1lY2FhLTExZTYtOGY4OC0zNDM2M2JjN2M0YzAiOnsiY3JlYXRlIjoxODAwMDAwMDAwMDAwLCJkZWxldGUiOjE4MDAwMDAwMDAwMDAsInJlYWQiOjMwMDAwMDAwMDAwMCwidXBkYXRlIjoxODAwMDAwMDAwMDAwfX0=",
          "dependencies": [
            "azurerm_resource_group.RG1"
          ]
        }
      ]
    },
    {
      "mode": "managed",
      "type": "azurerm_public_ip",
      "name": "mgmtvm_public_ip_address",
      "provider": "provider[\"registry.terraform.io/hashicorp/azurerm\"]",
      "instances": [
        {
          "schema_version": 0,
          "attributes": {
            "allocation_method": "Static",
            "availability_zone": "No-Zone",
            "domain_name_label": null,
            "fqdn": null,
            "id": "/subscriptions/4477db70-a73b-4972-93d8-5feaed9f53b2/resourceGroups/aim-dev-RG1/providers/Microsoft.Network/publicIPAddresses/aim-dev-mgmtvm-public-ip",
            "idle_timeout_in_minutes": 4,
            "ip_address": "52.170.234.105",
            "ip_tags": null,
            "ip_version": "IPv4",
            "location": "eastus",
            "name": "aim-dev-mgmtvm-public-ip",
            "public_ip_prefix_id": null,
            "resource_group_name": "aim-dev-RG1",
            "reverse_fqdn": null,
            "sku": "Basic",
            "sku_tier": "Regional",
            "tags": null,
            "timeouts": null,
            "zones": []
          },
          "sensitive_attributes": [],
          "private": "eyJlMmJmYjczMC1lY2FhLTExZTYtOGY4OC0zNDM2M2JjN2M0YzAiOnsiY3JlYXRlIjoxODAwMDAwMDAwMDAwLCJkZWxldGUiOjE4MDAwMDAwMDAwMDAsInJlYWQiOjMwMDAwMDAwMDAwMCwidXBkYXRlIjoxODAwMDAwMDAwMDAwfX0=",
          "dependencies": [
            "azurerm_resource_group.RG1"
          ]
        }
      ]
    },
    {
      "mode": "managed",
      "type": "azurerm_resource_group",
      "name": "RG1",
      "provider": "provider[\"registry.terraform.io/hashicorp/azurerm\"]",
      "instances": [
        {
          "schema_version": 0,
          "attributes": {
            "id": "/subscriptions/4477db70-a73b-4972-93d8-5feaed9f53b2/resourceGroups/aim-dev-RG1",
            "location": "eastus",
            "name": "aim-dev-RG1",
            "tags": {
              "environment": "dev",
              "project": "aim"
            },
            "timeouts": null
          },
          "sensitive_attributes": [],
          "private": "eyJlMmJmYjczMC1lY2FhLTExZTYtOGY4OC0zNDM2M2JjN2M0YzAiOnsiY3JlYXRlIjo1NDAwMDAwMDAwMDAwLCJkZWxldGUiOjU0MDAwMDAwMDAwMDAsInJlYWQiOjMwMDAwMDAwMDAwMCwidXBkYXRlIjo1NDAwMDAwMDAwMDAwfX0="
        }
      ]
    },
    {
      "mode": "managed",
      "type": "azurerm_subnet",
      "name": "app_subnet",
      "provider": "provider[\"registry.terraform.io/hashicorp/azurerm\"]",
      "instances": [
        {
          "schema_version": 0,
          "attributes": {
            "address_prefix": "10.0.2.0/24",
            "address_prefixes": [
              "10.0.2.0/24"
            ],
            "delegation": [],
            "enforce_private_link_endpoint_network_policies": false,
            "enforce_private_link_service_network_policies": false,
            "id": "/subscriptions/4477db70-a73b-4972-93d8-5feaed9f53b2/resourceGroups/aim-dev-RG1/providers/Microsoft.Network/virtualNetworks/aim-dev-vnet_app/subnets/aim-dev-appsubnet",
            "name": "aim-dev-appsubnet",
            "resource_group_name": "aim-dev-RG1",
            "service_endpoint_policy_ids": [],
            "service_endpoints": [],
            "timeouts": null,
            "virtual_network_name": "aim-dev-vnet_app"
          },
          "sensitive_attributes": [],
          "private": "eyJlMmJmYjczMC1lY2FhLTExZTYtOGY4OC0zNDM2M2JjN2M0YzAiOnsiY3JlYXRlIjoxODAwMDAwMDAwMDAwLCJkZWxldGUiOjE4MDAwMDAwMDAwMDAsInJlYWQiOjMwMDAwMDAwMDAwMCwidXBkYXRlIjoxODAwMDAwMDAwMDAwfX0=",
          "dependencies": [
            "azurerm_resource_group.RG1",
            "azurerm_virtual_network.app_vnet"
          ]
        }
      ]
    },
    {
      "mode": "managed",
      "type": "azurerm_subnet",
      "name": "mgmt_subnet",
      "provider": "provider[\"registry.terraform.io/hashicorp/azurerm\"]",
      "instances": [
        {
          "schema_version": 0,
          "attributes": {
            "address_prefix": "20.0.1.0/24",
            "address_prefixes": [
              "20.0.1.0/24"
            ],
            "delegation": [],
            "enforce_private_link_endpoint_network_policies": false,
            "enforce_private_link_service_network_policies": false,
            "id": "/subscriptions/4477db70-a73b-4972-93d8-5feaed9f53b2/resourceGroups/aim-dev-RG1/providers/Microsoft.Network/virtualNetworks/aim-dev-vnet_mgmt/subnets/aim-dev-mgmtsubnet",
            "name": "aim-dev-mgmtsubnet",
            "resource_group_name": "aim-dev-RG1",
            "service_endpoint_policy_ids": null,
            "service_endpoints": null,
            "timeouts": null,
            "virtual_network_name": "aim-dev-vnet_mgmt"
          },
          "sensitive_attributes": [],
          "private": "eyJlMmJmYjczMC1lY2FhLTExZTYtOGY4OC0zNDM2M2JjN2M0YzAiOnsiY3JlYXRlIjoxODAwMDAwMDAwMDAwLCJkZWxldGUiOjE4MDAwMDAwMDAwMDAsInJlYWQiOjMwMDAwMDAwMDAwMCwidXBkYXRlIjoxODAwMDAwMDAwMDAwfX0=",
          "dependencies": [
            "azurerm_resource_group.RG1",
            "azurerm_virtual_network.mgmt_vnet"
          ]
        }
      ]
    },
    {
      "mode": "managed",
      "type": "azurerm_virtual_network",
      "name": "app_vnet",
      "provider": "provider[\"registry.terraform.io/hashicorp/azurerm\"]",
      "instances": [
        {
          "schema_version": 0,
          "attributes": {
            "address_space": [
              "10.0.0.0/16"
            ],
            "bgp_community": "",
            "ddos_protection_plan": [],
            "dns_servers": [],
            "flow_timeout_in_minutes": 0,
            "guid": "a5df6e39-6c66-42be-93a7-821f37a6fb92",
            "id": "/subscriptions/4477db70-a73b-4972-93d8-5feaed9f53b2/resourceGroups/aim-dev-RG1/providers/Microsoft.Network/virtualNetworks/aim-dev-vnet_app",
            "location": "eastus",
            "name": "aim-dev-vnet_app",
            "resource_group_name": "aim-dev-RG1",
            "subnet": [
              {
                "address_prefix": "10.0.2.0/24",
                "id": "/subscriptions/4477db70-a73b-4972-93d8-5feaed9f53b2/resourceGroups/aim-dev-RG1/providers/Microsoft.Network/virtualNetworks/aim-dev-vnet_app/subnets/aim-dev-appsubnet",
                "name": "aim-dev-appsubnet",
                "security_group": ""
              }
            ],
            "tags": {},
            "timeouts": null,
            "vm_protection_enabled": false
          },
          "sensitive_attributes": [],
          "private": "eyJlMmJmYjczMC1lY2FhLTExZTYtOGY4OC0zNDM2M2JjN2M0YzAiOnsiY3JlYXRlIjoxODAwMDAwMDAwMDAwLCJkZWxldGUiOjE4MDAwMDAwMDAwMDAsInJlYWQiOjMwMDAwMDAwMDAwMCwidXBkYXRlIjoxODAwMDAwMDAwMDAwfX0=",
          "dependencies": [
            "azurerm_resource_group.RG1"
          ]
        }
      ]
    },
    {
      "mode": "managed",
      "type": "azurerm_virtual_network",
      "name": "mgmt_vnet",
      "provider": "provider[\"registry.terraform.io/hashicorp/azurerm\"]",
      "instances": [
        {
          "schema_version": 0,
          "attributes": {
            "address_space": [
              "20.0.0.0/16"
            ],
            "bgp_community": "",
            "ddos_protection_plan": [],
            "dns_servers": [],
            "flow_timeout_in_minutes": 0,
            "guid": "288ad4a0-ce1f-4abc-8476-ce38b55ee2fd",
            "id": "/subscriptions/4477db70-a73b-4972-93d8-5feaed9f53b2/resourceGroups/aim-dev-RG1/providers/Microsoft.Network/virtualNetworks/aim-dev-vnet_mgmt",
            "location": "eastus",
            "name": "aim-dev-vnet_mgmt",
            "resource_group_name": "aim-dev-RG1",
            "subnet": [],
            "tags": null,
            "timeouts": null,
            "vm_protection_enabled": false
          },
          "sensitive_attributes": [],
          "private": "eyJlMmJmYjczMC1lY2FhLTExZTYtOGY4OC0zNDM2M2JjN2M0YzAiOnsiY3JlYXRlIjoxODAwMDAwMDAwMDAwLCJkZWxldGUiOjE4MDAwMDAwMDAwMDAsInJlYWQiOjMwMDAwMDAwMDAwMCwidXBkYXRlIjoxODAwMDAwMDAwMDAwfX0=",
          "dependencies": [
            "azurerm_resource_group.RG1"
          ]
        }
      ]
    },
    {
      "mode": "managed",
      "type": "azurerm_virtual_network_peering",
      "name": "app-mgmt-peering",
      "provider": "provider[\"registry.terraform.io/hashicorp/azurerm\"]",
      "instances": [
        {
          "schema_version": 0,
          "attributes": {
            "allow_forwarded_traffic": false,
            "allow_gateway_transit": false,
            "allow_virtual_network_access": true,
            "id": "/subscriptions/4477db70-a73b-4972-93d8-5feaed9f53b2/resourceGroups/aim-dev-RG1/providers/Microsoft.Network/virtualNetworks/aim-dev-vnet_app/virtualNetworkPeerings/aim-dev-app-mgmt-peering",
            "name": "aim-dev-app-mgmt-peering",
            "remote_virtual_network_id": "/subscriptions/4477db70-a73b-4972-93d8-5feaed9f53b2/resourceGroups/aim-dev-RG1/providers/Microsoft.Network/virtualNetworks/aim-dev-vnet_mgmt",
            "resource_group_name": "aim-dev-RG1",
            "timeouts": null,
            "use_remote_gateways": false,
            "virtual_network_name": "aim-dev-vnet_app"
          },
          "sensitive_attributes": [],
          "private": "eyJlMmJmYjczMC1lY2FhLTExZTYtOGY4OC0zNDM2M2JjN2M0YzAiOnsiY3JlYXRlIjoxODAwMDAwMDAwMDAwLCJkZWxldGUiOjE4MDAwMDAwMDAwMDAsInJlYWQiOjMwMDAwMDAwMDAwMCwidXBkYXRlIjoxODAwMDAwMDAwMDAwfX0=",
          "dependencies": [
            "azurerm_resource_group.RG1",
            "azurerm_virtual_network.app_vnet",
            "azurerm_virtual_network.mgmt_vnet"
          ]
        }
      ]
    },
    {
      "mode": "managed",
      "type": "azurerm_virtual_network_peering",
      "name": "mgmt-app-peering",
      "provider": "provider[\"registry.terraform.io/hashicorp/azurerm\"]",
      "instances": [
        {
          "schema_version": 0,
          "attributes": {
            "allow_forwarded_traffic": false,
            "allow_gateway_transit": false,
            "allow_virtual_network_access": true,
            "id": "/subscriptions/4477db70-a73b-4972-93d8-5feaed9f53b2/resourceGroups/aim-dev-RG1/providers/Microsoft.Network/virtualNetworks/aim-dev-vnet_mgmt/virtualNetworkPeerings/aim-dev-mgmt-app-peering",
            "name": "aim-dev-mgmt-app-peering",
            "remote_virtual_network_id": "/subscriptions/4477db70-a73b-4972-93d8-5feaed9f53b2/resourceGroups/aim-dev-RG1/providers/Microsoft.Network/virtualNetworks/aim-dev-vnet_app",
            "resource_group_name": "aim-dev-RG1",
            "timeouts": null,
            "use_remote_gateways": false,
            "virtual_network_name": "aim-dev-vnet_mgmt"
          },
          "sensitive_attributes": [],
          "private": "eyJlMmJmYjczMC1lY2FhLTExZTYtOGY4OC0zNDM2M2JjN2M0YzAiOnsiY3JlYXRlIjoxODAwMDAwMDAwMDAwLCJkZWxldGUiOjE4MDAwMDAwMDAwMDAsInJlYWQiOjMwMDAwMDAwMDAwMCwidXBkYXRlIjoxODAwMDAwMDAwMDAwfX0=",
          "dependencies": [
            "azurerm_resource_group.RG1",
            "azurerm_virtual_network.app_vnet",
            "azurerm_virtual_network.mgmt_vnet"
          ]
        }
      ]
    },
    {
      "mode": "managed",
      "type": "azurerm_windows_virtual_machine",
      "name": "windowsvm",
      "provider": "provider[\"registry.terraform.io/hashicorp/azurerm\"]",
      "instances": [
        {
          "schema_version": 0,
          "attributes": {
            "additional_capabilities": [],
            "additional_unattend_content": [],
            "admin_password": "root@12345",
            "admin_username": "azureuser",
            "allow_extension_operations": true,
            "availability_set_id": "",
            "boot_diagnostics": [],
            "computer_name": "aim-dev-winvm",
            "custom_data": null,
            "dedicated_host_group_id": "",
            "dedicated_host_id": "",
            "enable_automatic_updates": true,
            "encryption_at_host_enabled": false,
            "eviction_policy": "",
            "extensions_time_budget": "PT1H30M",
            "id": "/subscriptions/4477db70-a73b-4972-93d8-5feaed9f53b2/resourceGroups/aim-dev-RG1/providers/Microsoft.Compute/virtualMachines/aim-dev-winvm",
            "identity": [],
            "license_type": "",
            "location": "eastus",
            "max_bid_price": -1,
            "name": "aim-dev-winvm",
            "network_interface_ids": [
              "/subscriptions/4477db70-a73b-4972-93d8-5feaed9f53b2/resourceGroups/aim-dev-RG1/providers/Microsoft.Network/networkInterfaces/aim-dev-appvm-nic"
            ],
            "os_disk": [
              {
                "caching": "ReadWrite",
                "diff_disk_settings": [],
                "disk_encryption_set_id": "",
                "disk_size_gb": 127,
                "name": "aim-dev-winvm_disk1_1cf0a4a86aa049448d556e4dd778c6ec",
                "storage_account_type": "Standard_LRS",
                "write_accelerator_enabled": false
              }
            ],
            "patch_mode": "AutomaticByOS",
            "plan": [],
            "platform_fault_domain": -1,
            "priority": "Regular",
            "private_ip_address": "10.0.2.4",
            "private_ip_addresses": [
              "10.0.2.4"
            ],
            "provision_vm_agent": true,
            "proximity_placement_group_id": "",
            "public_ip_address": "52.170.234.104",
            "public_ip_addresses": [
              "52.170.234.104"
            ],
            "resource_group_name": "aim-dev-RG1",
            "secret": [],
            "secure_boot_enabled": false,
            "size": "Standard_DS1_v2",
            "source_image_id": "",
            "source_image_reference": [
              {
                "offer": "WindowsServer",
                "publisher": "MicrosoftWindowsServer",
                "sku": "2016-Datacenter",
                "version": "latest"
              }
            ],
            "tags": {},
            "timeouts": null,
            "timezone": "",
            "user_data": "",
            "virtual_machine_id": "fbff67f6-01d3-44aa-84e3-c7a838596a81",
            "virtual_machine_scale_set_id": "",
            "vtpm_enabled": false,
            "winrm_listener": [],
            "zone": ""
          },
          "sensitive_attributes": [],
          "private": "eyJlMmJmYjczMC1lY2FhLTExZTYtOGY4OC0zNDM2M2JjN2M0YzAiOnsiY3JlYXRlIjoyNzAwMDAwMDAwMDAwLCJkZWxldGUiOjI3MDAwMDAwMDAwMDAsInJlYWQiOjMwMDAwMDAwMDAwMCwidXBkYXRlIjoyNzAwMDAwMDAwMDAwfX0=",
          "dependencies": [
            "azurerm_network_interface.app_vm_nic_interface",
            "azurerm_public_ip.appvm_public_ip_address",
            "azurerm_resource_group.RG1",
            "azurerm_subnet.app_subnet",
            "azurerm_virtual_network.app_vnet"
          ]
        }
      ]
    }
  ]
}
