{
  "version": 4,
  "terraform_version": "1.0.11",
  "serial": 491,
  "lineage": "2d421b3a-74a3-4019-b2bc-e51252ef5ca3",
  "outputs": {
    "linux_VM_Details": {
      "value": [
        "aimdevl-0",
        "aimdevl-1",
        "aimdevl-2"
      ],
      "type": [
        "tuple",
        [
          "string",
          "string",
          "string"
        ]
      ]
    },
    "linux_nic": {
      "value": [
        "/subscriptions/4477db70-a73b-4972-93d8-5feaed9f53b2/resourceGroups/aim-dev-ajith_rg/providers/Microsoft.Network/networkInterfaces/aim-dev-linuxvm_nic-0",
        "/subscriptions/4477db70-a73b-4972-93d8-5feaed9f53b2/resourceGroups/aim-dev-ajith_rg/providers/Microsoft.Network/networkInterfaces/aim-dev-linuxvm_nic-1",
        "/subscriptions/4477db70-a73b-4972-93d8-5feaed9f53b2/resourceGroups/aim-dev-ajith_rg/providers/Microsoft.Network/networkInterfaces/aim-dev-linuxvm_nic-2"
      ],
      "type": [
        "tuple",
        [
          "string",
          "string",
          "string"
        ]
      ]
    },
    "rgdetails": {
      "value": {
        "id": "/subscriptions/4477db70-a73b-4972-93d8-5feaed9f53b2/resourceGroups/aim-dev-ajith_rg",
        "location": "eastus",
        "name": "aim-dev-ajith_rg",
        "tags": {
          "environment": "dev",
          "project": "aim"
        },
        "timeouts": null
      },
      "type": [
        "object",
        {
          "id": "string",
          "location": "string",
          "name": "string",
          "tags": [
            "map",
            "string"
          ],
          "timeouts": [
            "object",
            {
              "create": "string",
              "delete": "string",
              "read": "string",
              "update": "string"
            }
          ]
        }
      ]
    }
  },
  "resources": [
    {
      "mode": "managed",
      "type": "azurerm_linux_virtual_machine",
      "name": "linuxvm",
      "provider": "provider[\"registry.terraform.io/hashicorp/azurerm\"]",
      "instances": [
        {
          "index_key": 0,
          "schema_version": 0,
          "attributes": {
            "additional_capabilities": [],
            "admin_password": null,
            "admin_ssh_key": [
              {
                "public_key": "ssh-rsa AAAAB3NzaC1yc2EAAAADAQABAAACAQClq7n2PU6+I+U1Z5AB3RW/q9WFQIoqU9htMghVGJeGCshyFIO50howoN9DVhywUfkTGDVBpdU0XdJRxCY4vg7AYIHUYocZncN+DVPtUr13bxsKEXqBrIC68WZX0VulbsP9uASxaA4zARszU8t7u8dZ63ISLGZFYJ+MlTxZDislpfPvnWBRHViIYdJE2WEcwyMzRasRpzdD2Gd4Ku8RqQwzDS+Jt06YN50/IWJ5G4gSn2cVPjkNVtYn7RiQPAIhalidtxIEnZHboN8z/qlmO4Mv//ZjH1oZkBzOxDqjC9nvpK/te8SIhvlWGOnpIgbWw0eu3ivHZ15py7TjoR7bB8Rv920rkKHXo1dStYKjbQbV3rPZIVEqfwXAgrAgpq8vx/LOv89HvRsJMIavs4+dezN0xv2d3JYlcYbsxDeWHdjp6Ngx3EZPNYoKzN0s8ywub+P/uLomWsVlxjsQkV5G0rnaCKhU/8h2h2BCKSXBo7cFddzgv9F1a+ruydoWY0tlX/dLXzVViXthJ9RGzDTnJ0gah5Kfc7EBkdgLQBfFZbhpuJ1VaJQqiNTyVdnWnoZSZcoEcJXU8AHXFRu+NZJJvmvBpnZZxin01/mV2I6OKj3hJis4dKLCQW0irdwnZFdh7x+fZSWteTdRQyANC+KpT8Whr5JMAFyKLcx4Dus72Fq26w== azureuser@myserver\r\n",
                "username": "azureuser"
              }
            ],
            "admin_username": "azureuser",
            "allow_extension_operations": true,
            "availability_set_id": "",
            "boot_diagnostics": [],
            "computer_name": "aimdevl-0",
            "custom_data": null,
            "dedicated_host_id": "",
            "disable_password_authentication": true,
            "encryption_at_host_enabled": false,
            "eviction_policy": "",
            "extensions_time_budget": "PT1H30M",
            "id": "/subscriptions/4477db70-a73b-4972-93d8-5feaed9f53b2/resourceGroups/aim-dev-ajith_rg/providers/Microsoft.Compute/virtualMachines/aimdevl-0",
            "identity": [],
            "license_type": "",
            "location": "eastus",
            "max_bid_price": -1,
            "name": "aimdevl-0",
            "network_interface_ids": [
              "/subscriptions/4477db70-a73b-4972-93d8-5feaed9f53b2/resourceGroups/aim-dev-ajith_rg/providers/Microsoft.Network/networkInterfaces/aim-dev-linuxvm_nic-0"
            ],
            "os_disk": [
              {
                "caching": "ReadWrite",
                "diff_disk_settings": [],
                "disk_encryption_set_id": "",
                "disk_size_gb": 64,
                "name": "aim-dev-linux_vm-osdisk-0",
                "storage_account_type": "Standard_LRS",
                "write_accelerator_enabled": false
              }
            ],
            "patch_mode": "ImageDefault",
            "plan": [],
            "platform_fault_domain": -1,
            "priority": "Regular",
            "private_ip_address": "20.0.2.4",
            "private_ip_addresses": [
              "20.0.2.4"
            ],
            "provision_vm_agent": true,
            "proximity_placement_group_id": "",
            "public_ip_address": "52.188.166.195",
            "public_ip_addresses": [
              "52.188.166.195"
            ],
            "resource_group_name": "aim-dev-ajith_rg",
            "secret": [],
            "secure_boot_enabled": false,
            "size": "Standard_DS1_v2",
            "source_image_id": "",
            "source_image_reference": [
              {
                "offer": "RHEL",
                "publisher": "RedHat",
                "sku": "83-gen2",
                "version": "latest"
              }
            ],
            "tags": null,
            "timeouts": null,
            "user_data": "",
            "virtual_machine_id": "c7d6d0c5-1e61-49a4-a273-95e23c09e5a9",
            "virtual_machine_scale_set_id": "",
            "vtpm_enabled": false,
            "zone": ""
          },
          "sensitive_attributes": [],
          "private": "eyJlMmJmYjczMC1lY2FhLTExZTYtOGY4OC0zNDM2M2JjN2M0YzAiOnsiY3JlYXRlIjoyNzAwMDAwMDAwMDAwLCJkZWxldGUiOjI3MDAwMDAwMDAwMDAsInJlYWQiOjMwMDAwMDAwMDAwMCwidXBkYXRlIjoyNzAwMDAwMDAwMDAwfX0=",
          "dependencies": [
            "azurerm_network_interface.linuxvm_nic_interface",
            "azurerm_public_ip.linuxvm_public_ip_address",
            "azurerm_resource_group.myrg1",
            "azurerm_subnet.linux_subnet",
            "azurerm_virtual_network.vnet"
          ]
        },
        {
          "index_key": 1,
          "schema_version": 0,
          "attributes": {
            "additional_capabilities": [],
            "admin_password": null,
            "admin_ssh_key": [
              {
                "public_key": "ssh-rsa AAAAB3NzaC1yc2EAAAADAQABAAACAQClq7n2PU6+I+U1Z5AB3RW/q9WFQIoqU9htMghVGJeGCshyFIO50howoN9DVhywUfkTGDVBpdU0XdJRxCY4vg7AYIHUYocZncN+DVPtUr13bxsKEXqBrIC68WZX0VulbsP9uASxaA4zARszU8t7u8dZ63ISLGZFYJ+MlTxZDislpfPvnWBRHViIYdJE2WEcwyMzRasRpzdD2Gd4Ku8RqQwzDS+Jt06YN50/IWJ5G4gSn2cVPjkNVtYn7RiQPAIhalidtxIEnZHboN8z/qlmO4Mv//ZjH1oZkBzOxDqjC9nvpK/te8SIhvlWGOnpIgbWw0eu3ivHZ15py7TjoR7bB8Rv920rkKHXo1dStYKjbQbV3rPZIVEqfwXAgrAgpq8vx/LOv89HvRsJMIavs4+dezN0xv2d3JYlcYbsxDeWHdjp6Ngx3EZPNYoKzN0s8ywub+P/uLomWsVlxjsQkV5G0rnaCKhU/8h2h2BCKSXBo7cFddzgv9F1a+ruydoWY0tlX/dLXzVViXthJ9RGzDTnJ0gah5Kfc7EBkdgLQBfFZbhpuJ1VaJQqiNTyVdnWnoZSZcoEcJXU8AHXFRu+NZJJvmvBpnZZxin01/mV2I6OKj3hJis4dKLCQW0irdwnZFdh7x+fZSWteTdRQyANC+KpT8Whr5JMAFyKLcx4Dus72Fq26w== azureuser@myserver\r\n",
                "username": "azureuser"
              }
            ],
            "admin_username": "azureuser",
            "allow_extension_operations": true,
            "availability_set_id": "",
            "boot_diagnostics": [],
            "computer_name": "aimdevl-1",
            "custom_data": null,
            "dedicated_host_id": "",
            "disable_password_authentication": true,
            "encryption_at_host_enabled": false,
            "eviction_policy": "",
            "extensions_time_budget": "PT1H30M",
            "id": "/subscriptions/4477db70-a73b-4972-93d8-5feaed9f53b2/resourceGroups/aim-dev-ajith_rg/providers/Microsoft.Compute/virtualMachines/aimdevl-1",
            "identity": [],
            "license_type": "",
            "location": "eastus",
            "max_bid_price": -1,
            "name": "aimdevl-1",
            "network_interface_ids": [
              "/subscriptions/4477db70-a73b-4972-93d8-5feaed9f53b2/resourceGroups/aim-dev-ajith_rg/providers/Microsoft.Network/networkInterfaces/aim-dev-linuxvm_nic-1"
            ],
            "os_disk": [
              {
                "caching": "ReadWrite",
                "diff_disk_settings": [],
                "disk_encryption_set_id": "",
                "disk_size_gb": 64,
                "name": "aim-dev-linux_vm-osdisk-1",
                "storage_account_type": "Standard_LRS",
                "write_accelerator_enabled": false
              }
            ],
            "patch_mode": "ImageDefault",
            "plan": [],
            "platform_fault_domain": -1,
            "priority": "Regular",
            "private_ip_address": "20.0.2.6",
            "private_ip_addresses": [
              "20.0.2.6"
            ],
            "provision_vm_agent": true,
            "proximity_placement_group_id": "",
            "public_ip_address": "52.188.160.79",
            "public_ip_addresses": [
              "52.188.160.79"
            ],
            "resource_group_name": "aim-dev-ajith_rg",
            "secret": [],
            "secure_boot_enabled": false,
            "size": "Standard_DS1_v2",
            "source_image_id": "",
            "source_image_reference": [
              {
                "offer": "RHEL",
                "publisher": "RedHat",
                "sku": "83-gen2",
                "version": "latest"
              }
            ],
            "tags": null,
            "timeouts": null,
            "user_data": "",
            "virtual_machine_id": "f3c4d001-29a1-4845-8f79-912e56669a65",
            "virtual_machine_scale_set_id": "",
            "vtpm_enabled": false,
            "zone": ""
          },
          "sensitive_attributes": [],
          "private": "eyJlMmJmYjczMC1lY2FhLTExZTYtOGY4OC0zNDM2M2JjN2M0YzAiOnsiY3JlYXRlIjoyNzAwMDAwMDAwMDAwLCJkZWxldGUiOjI3MDAwMDAwMDAwMDAsInJlYWQiOjMwMDAwMDAwMDAwMCwidXBkYXRlIjoyNzAwMDAwMDAwMDAwfX0=",
          "dependencies": [
            "azurerm_network_interface.linuxvm_nic_interface",
            "azurerm_public_ip.linuxvm_public_ip_address",
            "azurerm_resource_group.myrg1",
            "azurerm_subnet.linux_subnet",
            "azurerm_virtual_network.vnet"
          ]
        },
        {
          "index_key": 2,
          "schema_version": 0,
          "attributes": {
            "additional_capabilities": [],
            "admin_password": null,
            "admin_ssh_key": [
              {
                "public_key": "ssh-rsa AAAAB3NzaC1yc2EAAAADAQABAAACAQClq7n2PU6+I+U1Z5AB3RW/q9WFQIoqU9htMghVGJeGCshyFIO50howoN9DVhywUfkTGDVBpdU0XdJRxCY4vg7AYIHUYocZncN+DVPtUr13bxsKEXqBrIC68WZX0VulbsP9uASxaA4zARszU8t7u8dZ63ISLGZFYJ+MlTxZDislpfPvnWBRHViIYdJE2WEcwyMzRasRpzdD2Gd4Ku8RqQwzDS+Jt06YN50/IWJ5G4gSn2cVPjkNVtYn7RiQPAIhalidtxIEnZHboN8z/qlmO4Mv//ZjH1oZkBzOxDqjC9nvpK/te8SIhvlWGOnpIgbWw0eu3ivHZ15py7TjoR7bB8Rv920rkKHXo1dStYKjbQbV3rPZIVEqfwXAgrAgpq8vx/LOv89HvRsJMIavs4+dezN0xv2d3JYlcYbsxDeWHdjp6Ngx3EZPNYoKzN0s8ywub+P/uLomWsVlxjsQkV5G0rnaCKhU/8h2h2BCKSXBo7cFddzgv9F1a+ruydoWY0tlX/dLXzVViXthJ9RGzDTnJ0gah5Kfc7EBkdgLQBfFZbhpuJ1VaJQqiNTyVdnWnoZSZcoEcJXU8AHXFRu+NZJJvmvBpnZZxin01/mV2I6OKj3hJis4dKLCQW0irdwnZFdh7x+fZSWteTdRQyANC+KpT8Whr5JMAFyKLcx4Dus72Fq26w== azureuser@myserver\r\n",
                "username": "azureuser"
              }
            ],
            "admin_username": "azureuser",
            "allow_extension_operations": true,
            "availability_set_id": "",
            "boot_diagnostics": [],
            "computer_name": "aimdevl-2",
            "custom_data": null,
            "dedicated_host_id": "",
            "disable_password_authentication": true,
            "encryption_at_host_enabled": false,
            "eviction_policy": "",
            "extensions_time_budget": "PT1H30M",
            "id": "/subscriptions/4477db70-a73b-4972-93d8-5feaed9f53b2/resourceGroups/aim-dev-ajith_rg/providers/Microsoft.Compute/virtualMachines/aimdevl-2",
            "identity": [],
            "license_type": "",
            "location": "eastus",
            "max_bid_price": -1,
            "name": "aimdevl-2",
            "network_interface_ids": [
              "/subscriptions/4477db70-a73b-4972-93d8-5feaed9f53b2/resourceGroups/aim-dev-ajith_rg/providers/Microsoft.Network/networkInterfaces/aim-dev-linuxvm_nic-2"
            ],
            "os_disk": [
              {
                "caching": "ReadWrite",
                "diff_disk_settings": [],
                "disk_encryption_set_id": "",
                "disk_size_gb": 64,
                "name": "aim-dev-linux_vm-osdisk-2",
                "storage_account_type": "Standard_LRS",
                "write_accelerator_enabled": false
              }
            ],
            "patch_mode": "ImageDefault",
            "plan": [],
            "platform_fault_domain": -1,
            "priority": "Regular",
            "private_ip_address": "20.0.2.5",
            "private_ip_addresses": [
              "20.0.2.5"
            ],
            "provision_vm_agent": true,
            "proximity_placement_group_id": "",
            "public_ip_address": "52.249.191.72",
            "public_ip_addresses": [
              "52.249.191.72"
            ],
            "resource_group_name": "aim-dev-ajith_rg",
            "secret": [],
            "secure_boot_enabled": false,
            "size": "Standard_DS1_v2",
            "source_image_id": "",
            "source_image_reference": [
              {
                "offer": "RHEL",
                "publisher": "RedHat",
                "sku": "83-gen2",
                "version": "latest"
              }
            ],
            "tags": null,
            "timeouts": null,
            "user_data": "",
            "virtual_machine_id": "8e7ca508-b7f1-4348-84e1-530c841940f8",
            "virtual_machine_scale_set_id": "",
            "vtpm_enabled": false,
            "zone": ""
          },
          "sensitive_attributes": [],
          "private": "eyJlMmJmYjczMC1lY2FhLTExZTYtOGY4OC0zNDM2M2JjN2M0YzAiOnsiY3JlYXRlIjoyNzAwMDAwMDAwMDAwLCJkZWxldGUiOjI3MDAwMDAwMDAwMDAsInJlYWQiOjMwMDAwMDAwMDAwMCwidXBkYXRlIjoyNzAwMDAwMDAwMDAwfX0=",
          "dependencies": [
            "azurerm_network_interface.linuxvm_nic_interface",
            "azurerm_public_ip.linuxvm_public_ip_address",
            "azurerm_resource_group.myrg1",
            "azurerm_subnet.linux_subnet",
            "azurerm_virtual_network.vnet"
          ]
        }
      ]
    },
    {
      "mode": "managed",
      "type": "azurerm_managed_disk",
      "name": "linuxvm_add_disk",
      "provider": "provider[\"registry.terraform.io/hashicorp/azurerm\"]",
      "instances": [
        {
          "index_key": 0,
          "schema_version": 0,
          "attributes": {
            "create_option": "Empty",
            "disk_access_id": "",
            "disk_encryption_set_id": "",
            "disk_iops_read_only": 0,
            "disk_iops_read_write": 500,
            "disk_mbps_read_only": 0,
            "disk_mbps_read_write": 60,
            "disk_size_gb": 10,
            "encryption_settings": [],
            "gallery_image_reference_id": "",
            "hyper_v_generation": "",
            "id": "/subscriptions/4477db70-a73b-4972-93d8-5feaed9f53b2/resourceGroups/aim-dev-ajith_rg/providers/Microsoft.Compute/disks/aimdevl-0-0",
            "image_reference_id": "",
            "location": "eastus",
            "logical_sector_size": null,
            "max_shares": 0,
            "name": "aimdevl-0-0",
            "network_access_policy": null,
            "on_demand_bursting_enabled": false,
            "os_type": "",
            "public_network_access_enabled": true,
            "resource_group_name": "aim-dev-ajith_rg",
            "source_resource_id": "",
            "source_uri": "",
            "storage_account_id": "",
            "storage_account_type": "Standard_LRS",
            "tags": null,
            "tier": "",
            "timeouts": null,
            "trusted_launch_enabled": false,
            "zones": null
          },
          "sensitive_attributes": [],
          "private": "eyJlMmJmYjczMC1lY2FhLTExZTYtOGY4OC0zNDM2M2JjN2M0YzAiOnsiY3JlYXRlIjoxODAwMDAwMDAwMDAwLCJkZWxldGUiOjE4MDAwMDAwMDAwMDAsInJlYWQiOjMwMDAwMDAwMDAwMCwidXBkYXRlIjoxODAwMDAwMDAwMDAwfX0=",
          "dependencies": [
            "azurerm_linux_virtual_machine.linuxvm",
            "azurerm_network_interface.linuxvm_nic_interface",
            "azurerm_public_ip.linuxvm_public_ip_address",
            "azurerm_resource_group.myrg1",
            "azurerm_subnet.linux_subnet",
            "azurerm_virtual_network.vnet"
          ]
        },
        {
          "index_key": 1,
          "schema_version": 0,
          "attributes": {
            "create_option": "Empty",
            "disk_access_id": "",
            "disk_encryption_set_id": "",
            "disk_iops_read_only": 0,
            "disk_iops_read_write": 500,
            "disk_mbps_read_only": 0,
            "disk_mbps_read_write": 60,
            "disk_size_gb": 10,
            "encryption_settings": [],
            "gallery_image_reference_id": "",
            "hyper_v_generation": "",
            "id": "/subscriptions/4477db70-a73b-4972-93d8-5feaed9f53b2/resourceGroups/aim-dev-ajith_rg/providers/Microsoft.Compute/disks/aimdevl-1-1",
            "image_reference_id": "",
            "location": "eastus",
            "logical_sector_size": null,
            "max_shares": 0,
            "name": "aimdevl-1-1",
            "network_access_policy": null,
            "on_demand_bursting_enabled": false,
            "os_type": "",
            "public_network_access_enabled": true,
            "resource_group_name": "aim-dev-ajith_rg",
            "source_resource_id": "",
            "source_uri": "",
            "storage_account_id": "",
            "storage_account_type": "Standard_LRS",
            "tags": null,
            "tier": "",
            "timeouts": null,
            "trusted_launch_enabled": false,
            "zones": null
          },
          "sensitive_attributes": [],
          "private": "eyJlMmJmYjczMC1lY2FhLTExZTYtOGY4OC0zNDM2M2JjN2M0YzAiOnsiY3JlYXRlIjoxODAwMDAwMDAwMDAwLCJkZWxldGUiOjE4MDAwMDAwMDAwMDAsInJlYWQiOjMwMDAwMDAwMDAwMCwidXBkYXRlIjoxODAwMDAwMDAwMDAwfX0=",
          "dependencies": [
            "azurerm_linux_virtual_machine.linuxvm",
            "azurerm_network_interface.linuxvm_nic_interface",
            "azurerm_public_ip.linuxvm_public_ip_address",
            "azurerm_resource_group.myrg1",
            "azurerm_subnet.linux_subnet",
            "azurerm_virtual_network.vnet"
          ]
        },
        {
          "index_key": 2,
          "schema_version": 0,
          "attributes": {
            "create_option": "Empty",
            "disk_access_id": "",
            "disk_encryption_set_id": "",
            "disk_iops_read_only": 0,
            "disk_iops_read_write": 500,
            "disk_mbps_read_only": 0,
            "disk_mbps_read_write": 60,
            "disk_size_gb": 10,
            "encryption_settings": [],
            "gallery_image_reference_id": "",
            "hyper_v_generation": "",
            "id": "/subscriptions/4477db70-a73b-4972-93d8-5feaed9f53b2/resourceGroups/aim-dev-ajith_rg/providers/Microsoft.Compute/disks/aimdevl-2-2",
            "image_reference_id": "",
            "location": "eastus",
            "logical_sector_size": null,
            "max_shares": 0,
            "name": "aimdevl-2-2",
            "network_access_policy": null,
            "on_demand_bursting_enabled": false,
            "os_type": "",
            "public_network_access_enabled": true,
            "resource_group_name": "aim-dev-ajith_rg",
            "source_resource_id": "",
            "source_uri": "",
            "storage_account_id": "",
            "storage_account_type": "Standard_LRS",
            "tags": null,
            "tier": "",
            "timeouts": null,
            "trusted_launch_enabled": false,
            "zones": null
          },
          "sensitive_attributes": [],
          "private": "eyJlMmJmYjczMC1lY2FhLTExZTYtOGY4OC0zNDM2M2JjN2M0YzAiOnsiY3JlYXRlIjoxODAwMDAwMDAwMDAwLCJkZWxldGUiOjE4MDAwMDAwMDAwMDAsInJlYWQiOjMwMDAwMDAwMDAwMCwidXBkYXRlIjoxODAwMDAwMDAwMDAwfX0=",
          "dependencies": [
            "azurerm_linux_virtual_machine.linuxvm",
            "azurerm_network_interface.linuxvm_nic_interface",
            "azurerm_public_ip.linuxvm_public_ip_address",
            "azurerm_resource_group.myrg1",
            "azurerm_subnet.linux_subnet",
            "azurerm_virtual_network.vnet"
          ]
        }
      ]
    },
    {
      "mode": "managed",
      "type": "azurerm_managed_disk",
      "name": "winvm_add_disk",
      "provider": "provider[\"registry.terraform.io/hashicorp/azurerm\"]",
      "instances": [
        {
          "schema_version": 0,
          "attributes": {
            "create_option": "Empty",
            "disk_access_id": "",
            "disk_encryption_set_id": "",
            "disk_iops_read_only": 0,
            "disk_iops_read_write": 500,
            "disk_mbps_read_only": 0,
            "disk_mbps_read_write": 60,
            "disk_size_gb": 10,
            "encryption_settings": [],
            "gallery_image_reference_id": "",
            "hyper_v_generation": "",
            "id": "/subscriptions/4477db70-a73b-4972-93d8-5feaed9f53b2/resourceGroups/aim-dev-ajith_rg/providers/Microsoft.Compute/disks/aimdevw0270-data_disk",
            "image_reference_id": "",
            "location": "eastus",
            "logical_sector_size": null,
            "max_shares": 0,
            "name": "aimdevw0270-data_disk",
            "network_access_policy": null,
            "on_demand_bursting_enabled": false,
            "os_type": "",
            "public_network_access_enabled": true,
            "resource_group_name": "aim-dev-ajith_rg",
            "source_resource_id": "",
            "source_uri": "",
            "storage_account_id": "",
            "storage_account_type": "Standard_LRS",
            "tags": null,
            "tier": "",
            "timeouts": null,
            "trusted_launch_enabled": false,
            "zones": null
          },
          "sensitive_attributes": [],
          "private": "eyJlMmJmYjczMC1lY2FhLTExZTYtOGY4OC0zNDM2M2JjN2M0YzAiOnsiY3JlYXRlIjoxODAwMDAwMDAwMDAwLCJkZWxldGUiOjE4MDAwMDAwMDAwMDAsInJlYWQiOjMwMDAwMDAwMDAwMCwidXBkYXRlIjoxODAwMDAwMDAwMDAwfX0=",
          "dependencies": [
            "azurerm_network_interface.windowsvm_nic_interface",
            "azurerm_public_ip.windowsvm_public_ip_address",
            "azurerm_resource_group.myrg1",
            "azurerm_subnet.windows_subnet",
            "azurerm_virtual_network.vnet",
            "azurerm_windows_virtual_machine.windowsvm",
            "random_string.myrandom"
          ]
        }
      ]
    },
    {
      "mode": "managed",
      "type": "azurerm_network_interface",
      "name": "linuxvm_nic_interface",
      "provider": "provider[\"registry.terraform.io/hashicorp/azurerm\"]",
      "instances": [
        {
          "index_key": 0,
          "schema_version": 0,
          "attributes": {
            "applied_dns_servers": [],
            "dns_servers": [],
            "enable_accelerated_networking": false,
            "enable_ip_forwarding": false,
            "id": "/subscriptions/4477db70-a73b-4972-93d8-5feaed9f53b2/resourceGroups/aim-dev-ajith_rg/providers/Microsoft.Network/networkInterfaces/aim-dev-linuxvm_nic-0",
            "internal_dns_name_label": "",
            "internal_domain_name_suffix": "jmro1dappgnupbkfwasaxyqaag.bx.internal.cloudapp.net",
            "ip_configuration": [
              {
                "gateway_load_balancer_frontend_ip_configuration_id": "",
                "name": "linuxvm_ip_1",
                "primary": true,
                "private_ip_address": "20.0.2.4",
                "private_ip_address_allocation": "Dynamic",
                "private_ip_address_version": "IPv4",
                "public_ip_address_id": "/subscriptions/4477db70-a73b-4972-93d8-5feaed9f53b2/resourceGroups/aim-dev-ajith_rg/providers/Microsoft.Network/publicIPAddresses/aim-dev-linuxvm_publicip-0",
                "subnet_id": "/subscriptions/4477db70-a73b-4972-93d8-5feaed9f53b2/resourceGroups/aim-dev-ajith_rg/providers/Microsoft.Network/virtualNetworks/aim-dev-vnet_default/subnets/aim-dev-linuxsubnet"
              }
            ],
            "location": "eastus",
            "mac_address": "",
            "name": "aim-dev-linuxvm_nic-0",
            "private_ip_address": "20.0.2.4",
            "private_ip_addresses": [
              "20.0.2.4"
            ],
            "resource_group_name": "aim-dev-ajith_rg",
            "tags": null,
            "timeouts": null,
            "virtual_machine_id": ""
          },
          "sensitive_attributes": [],
          "private": "eyJlMmJmYjczMC1lY2FhLTExZTYtOGY4OC0zNDM2M2JjN2M0YzAiOnsiY3JlYXRlIjoxODAwMDAwMDAwMDAwLCJkZWxldGUiOjE4MDAwMDAwMDAwMDAsInJlYWQiOjMwMDAwMDAwMDAwMCwidXBkYXRlIjoxODAwMDAwMDAwMDAwfX0=",
          "dependencies": [
            "azurerm_public_ip.linuxvm_public_ip_address",
            "azurerm_resource_group.myrg1",
            "azurerm_subnet.linux_subnet",
            "azurerm_virtual_network.vnet"
          ]
        },
        {
          "index_key": 1,
          "schema_version": 0,
          "attributes": {
            "applied_dns_servers": [],
            "dns_servers": [],
            "enable_accelerated_networking": false,
            "enable_ip_forwarding": false,
            "id": "/subscriptions/4477db70-a73b-4972-93d8-5feaed9f53b2/resourceGroups/aim-dev-ajith_rg/providers/Microsoft.Network/networkInterfaces/aim-dev-linuxvm_nic-1",
            "internal_dns_name_label": "",
            "internal_domain_name_suffix": "jmro1dappgnupbkfwasaxyqaag.bx.internal.cloudapp.net",
            "ip_configuration": [
              {
                "gateway_load_balancer_frontend_ip_configuration_id": "",
                "name": "linuxvm_ip_1",
                "primary": true,
                "private_ip_address": "20.0.2.6",
                "private_ip_address_allocation": "Dynamic",
                "private_ip_address_version": "IPv4",
                "public_ip_address_id": "/subscriptions/4477db70-a73b-4972-93d8-5feaed9f53b2/resourceGroups/aim-dev-ajith_rg/providers/Microsoft.Network/publicIPAddresses/aim-dev-linuxvm_publicip-1",
                "subnet_id": "/subscriptions/4477db70-a73b-4972-93d8-5feaed9f53b2/resourceGroups/aim-dev-ajith_rg/providers/Microsoft.Network/virtualNetworks/aim-dev-vnet_default/subnets/aim-dev-linuxsubnet"
              }
            ],
            "location": "eastus",
            "mac_address": "",
            "name": "aim-dev-linuxvm_nic-1",
            "private_ip_address": "20.0.2.6",
            "private_ip_addresses": [
              "20.0.2.6"
            ],
            "resource_group_name": "aim-dev-ajith_rg",
            "tags": null,
            "timeouts": null,
            "virtual_machine_id": ""
          },
          "sensitive_attributes": [],
          "private": "eyJlMmJmYjczMC1lY2FhLTExZTYtOGY4OC0zNDM2M2JjN2M0YzAiOnsiY3JlYXRlIjoxODAwMDAwMDAwMDAwLCJkZWxldGUiOjE4MDAwMDAwMDAwMDAsInJlYWQiOjMwMDAwMDAwMDAwMCwidXBkYXRlIjoxODAwMDAwMDAwMDAwfX0=",
          "dependencies": [
            "azurerm_public_ip.linuxvm_public_ip_address",
            "azurerm_resource_group.myrg1",
            "azurerm_subnet.linux_subnet",
            "azurerm_virtual_network.vnet"
          ]
        },
        {
          "index_key": 2,
          "schema_version": 0,
          "attributes": {
            "applied_dns_servers": [],
            "dns_servers": [],
            "enable_accelerated_networking": false,
            "enable_ip_forwarding": false,
            "id": "/subscriptions/4477db70-a73b-4972-93d8-5feaed9f53b2/resourceGroups/aim-dev-ajith_rg/providers/Microsoft.Network/networkInterfaces/aim-dev-linuxvm_nic-2",
            "internal_dns_name_label": "",
            "internal_domain_name_suffix": "jmro1dappgnupbkfwasaxyqaag.bx.internal.cloudapp.net",
            "ip_configuration": [
              {
                "gateway_load_balancer_frontend_ip_configuration_id": "",
                "name": "linuxvm_ip_1",
                "primary": true,
                "private_ip_address": "20.0.2.5",
                "private_ip_address_allocation": "Dynamic",
                "private_ip_address_version": "IPv4",
                "public_ip_address_id": "/subscriptions/4477db70-a73b-4972-93d8-5feaed9f53b2/resourceGroups/aim-dev-ajith_rg/providers/Microsoft.Network/publicIPAddresses/aim-dev-linuxvm_publicip-2",
                "subnet_id": "/subscriptions/4477db70-a73b-4972-93d8-5feaed9f53b2/resourceGroups/aim-dev-ajith_rg/providers/Microsoft.Network/virtualNetworks/aim-dev-vnet_default/subnets/aim-dev-linuxsubnet"
              }
            ],
            "location": "eastus",
            "mac_address": "",
            "name": "aim-dev-linuxvm_nic-2",
            "private_ip_address": "20.0.2.5",
            "private_ip_addresses": [
              "20.0.2.5"
            ],
            "resource_group_name": "aim-dev-ajith_rg",
            "tags": null,
            "timeouts": null,
            "virtual_machine_id": ""
          },
          "sensitive_attributes": [],
          "private": "eyJlMmJmYjczMC1lY2FhLTExZTYtOGY4OC0zNDM2M2JjN2M0YzAiOnsiY3JlYXRlIjoxODAwMDAwMDAwMDAwLCJkZWxldGUiOjE4MDAwMDAwMDAwMDAsInJlYWQiOjMwMDAwMDAwMDAwMCwidXBkYXRlIjoxODAwMDAwMDAwMDAwfX0=",
          "dependencies": [
            "azurerm_public_ip.linuxvm_public_ip_address",
            "azurerm_resource_group.myrg1",
            "azurerm_subnet.linux_subnet",
            "azurerm_virtual_network.vnet"
          ]
        }
      ]
    },
    {
      "mode": "managed",
      "type": "azurerm_network_interface",
      "name": "windowsvm_nic_interface",
      "provider": "provider[\"registry.terraform.io/hashicorp/azurerm\"]",
      "instances": [
        {
          "schema_version": 0,
          "attributes": {
            "applied_dns_servers": [],
            "dns_servers": [],
            "enable_accelerated_networking": false,
            "enable_ip_forwarding": false,
            "id": "/subscriptions/4477db70-a73b-4972-93d8-5feaed9f53b2/resourceGroups/aim-dev-ajith_rg/providers/Microsoft.Network/networkInterfaces/aim-dev-windowsvm_nic",
            "internal_dns_name_label": "",
            "internal_domain_name_suffix": "jmro1dappgnupbkfwasaxyqaag.bx.internal.cloudapp.net",
            "ip_configuration": [
              {
                "gateway_load_balancer_frontend_ip_configuration_id": "",
                "name": "windowsvm_ip_1",
                "primary": true,
                "private_ip_address": "20.0.1.4",
                "private_ip_address_allocation": "Dynamic",
                "private_ip_address_version": "IPv4",
                "public_ip_address_id": "/subscriptions/4477db70-a73b-4972-93d8-5feaed9f53b2/resourceGroups/aim-dev-ajith_rg/providers/Microsoft.Network/publicIPAddresses/aim-dev-windowsvm_publicip",
                "subnet_id": "/subscriptions/4477db70-a73b-4972-93d8-5feaed9f53b2/resourceGroups/aim-dev-ajith_rg/providers/Microsoft.Network/virtualNetworks/aim-dev-vnet_default/subnets/aim-dev-winsubnet"
              }
            ],
            "location": "eastus",
            "mac_address": "",
            "name": "aim-dev-windowsvm_nic",
            "private_ip_address": "20.0.1.4",
            "private_ip_addresses": [
              "20.0.1.4"
            ],
            "resource_group_name": "aim-dev-ajith_rg",
            "tags": null,
            "timeouts": null,
            "virtual_machine_id": ""
          },
          "sensitive_attributes": [],
          "private": "eyJlMmJmYjczMC1lY2FhLTExZTYtOGY4OC0zNDM2M2JjN2M0YzAiOnsiY3JlYXRlIjoxODAwMDAwMDAwMDAwLCJkZWxldGUiOjE4MDAwMDAwMDAwMDAsInJlYWQiOjMwMDAwMDAwMDAwMCwidXBkYXRlIjoxODAwMDAwMDAwMDAwfX0=",
          "dependencies": [
            "azurerm_public_ip.windowsvm_public_ip_address",
            "azurerm_resource_group.myrg1",
            "azurerm_subnet.windows_subnet",
            "azurerm_virtual_network.vnet"
          ]
        }
      ]
    },
    {
      "mode": "managed",
      "type": "azurerm_network_interface_security_group_association",
      "name": "linux_vmnic_nsg",
      "provider": "provider[\"registry.terraform.io/hashicorp/azurerm\"]",
      "instances": [
        {
          "index_key": 0,
          "schema_version": 0,
          "attributes": {
            "id": "/subscriptions/4477db70-a73b-4972-93d8-5feaed9f53b2/resourceGroups/aim-dev-ajith_rg/providers/Microsoft.Network/networkInterfaces/aim-dev-linuxvm_nic-0|/subscriptions/4477db70-a73b-4972-93d8-5feaed9f53b2/resourceGroups/aim-dev-ajith_rg/providers/Microsoft.Network/networkSecurityGroups/aim-dev-linuxvm_nic-0-nsg-0",
            "network_interface_id": "/subscriptions/4477db70-a73b-4972-93d8-5feaed9f53b2/resourceGroups/aim-dev-ajith_rg/providers/Microsoft.Network/networkInterfaces/aim-dev-linuxvm_nic-0",
            "network_security_group_id": "/subscriptions/4477db70-a73b-4972-93d8-5feaed9f53b2/resourceGroups/aim-dev-ajith_rg/providers/Microsoft.Network/networkSecurityGroups/aim-dev-linuxvm_nic-0-nsg-0",
            "timeouts": null
          },
          "sensitive_attributes": [],
          "private": "eyJlMmJmYjczMC1lY2FhLTExZTYtOGY4OC0zNDM2M2JjN2M0YzAiOnsiY3JlYXRlIjoxODAwMDAwMDAwMDAwLCJkZWxldGUiOjE4MDAwMDAwMDAwMDAsInJlYWQiOjMwMDAwMDAwMDAwMCwidXBkYXRlIjoxODAwMDAwMDAwMDAwfX0=",
          "dependencies": [
            "azurerm_network_interface.linuxvm_nic_interface",
            "azurerm_network_security_group.linux_vmnic_nsg",
            "azurerm_public_ip.linuxvm_public_ip_address",
            "azurerm_resource_group.myrg1",
            "azurerm_subnet.linux_subnet",
            "azurerm_virtual_network.vnet"
          ]
        },
        {
          "index_key": 1,
          "schema_version": 0,
          "attributes": {
            "id": "/subscriptions/4477db70-a73b-4972-93d8-5feaed9f53b2/resourceGroups/aim-dev-ajith_rg/providers/Microsoft.Network/networkInterfaces/aim-dev-linuxvm_nic-1|/subscriptions/4477db70-a73b-4972-93d8-5feaed9f53b2/resourceGroups/aim-dev-ajith_rg/providers/Microsoft.Network/networkSecurityGroups/aim-dev-linuxvm_nic-1-nsg-1",
            "network_interface_id": "/subscriptions/4477db70-a73b-4972-93d8-5feaed9f53b2/resourceGroups/aim-dev-ajith_rg/providers/Microsoft.Network/networkInterfaces/aim-dev-linuxvm_nic-1",
            "network_security_group_id": "/subscriptions/4477db70-a73b-4972-93d8-5feaed9f53b2/resourceGroups/aim-dev-ajith_rg/providers/Microsoft.Network/networkSecurityGroups/aim-dev-linuxvm_nic-1-nsg-1",
            "timeouts": null
          },
          "sensitive_attributes": [],
          "private": "eyJlMmJmYjczMC1lY2FhLTExZTYtOGY4OC0zNDM2M2JjN2M0YzAiOnsiY3JlYXRlIjoxODAwMDAwMDAwMDAwLCJkZWxldGUiOjE4MDAwMDAwMDAwMDAsInJlYWQiOjMwMDAwMDAwMDAwMCwidXBkYXRlIjoxODAwMDAwMDAwMDAwfX0=",
          "dependencies": [
            "azurerm_network_interface.linuxvm_nic_interface",
            "azurerm_network_security_group.linux_vmnic_nsg",
            "azurerm_public_ip.linuxvm_public_ip_address",
            "azurerm_resource_group.myrg1",
            "azurerm_subnet.linux_subnet",
            "azurerm_virtual_network.vnet"
          ]
        },
        {
          "index_key": 2,
          "schema_version": 0,
          "attributes": {
            "id": "/subscriptions/4477db70-a73b-4972-93d8-5feaed9f53b2/resourceGroups/aim-dev-ajith_rg/providers/Microsoft.Network/networkInterfaces/aim-dev-linuxvm_nic-2|/subscriptions/4477db70-a73b-4972-93d8-5feaed9f53b2/resourceGroups/aim-dev-ajith_rg/providers/Microsoft.Network/networkSecurityGroups/aim-dev-linuxvm_nic-2-nsg-2",
            "network_interface_id": "/subscriptions/4477db70-a73b-4972-93d8-5feaed9f53b2/resourceGroups/aim-dev-ajith_rg/providers/Microsoft.Network/networkInterfaces/aim-dev-linuxvm_nic-2",
            "network_security_group_id": "/subscriptions/4477db70-a73b-4972-93d8-5feaed9f53b2/resourceGroups/aim-dev-ajith_rg/providers/Microsoft.Network/networkSecurityGroups/aim-dev-linuxvm_nic-2-nsg-2",
            "timeouts": null
          },
          "sensitive_attributes": [],
          "private": "eyJlMmJmYjczMC1lY2FhLTExZTYtOGY4OC0zNDM2M2JjN2M0YzAiOnsiY3JlYXRlIjoxODAwMDAwMDAwMDAwLCJkZWxldGUiOjE4MDAwMDAwMDAwMDAsInJlYWQiOjMwMDAwMDAwMDAwMCwidXBkYXRlIjoxODAwMDAwMDAwMDAwfX0=",
          "dependencies": [
            "azurerm_network_interface.linuxvm_nic_interface",
            "azurerm_network_security_group.linux_vmnic_nsg",
            "azurerm_public_ip.linuxvm_public_ip_address",
            "azurerm_resource_group.myrg1",
            "azurerm_subnet.linux_subnet",
            "azurerm_virtual_network.vnet"
          ]
        }
      ]
    },
    {
      "mode": "managed",
      "type": "azurerm_network_interface_security_group_association",
      "name": "windows_vmnic_nsg",
      "provider": "provider[\"registry.terraform.io/hashicorp/azurerm\"]",
      "instances": [
        {
          "schema_version": 0,
          "attributes": {
            "id": "/subscriptions/4477db70-a73b-4972-93d8-5feaed9f53b2/resourceGroups/aim-dev-ajith_rg/providers/Microsoft.Network/networkInterfaces/aim-dev-windowsvm_nic|/subscriptions/4477db70-a73b-4972-93d8-5feaed9f53b2/resourceGroups/aim-dev-ajith_rg/providers/Microsoft.Network/networkSecurityGroups/aim-dev-windowsvm_nic-nsg",
            "network_interface_id": "/subscriptions/4477db70-a73b-4972-93d8-5feaed9f53b2/resourceGroups/aim-dev-ajith_rg/providers/Microsoft.Network/networkInterfaces/aim-dev-windowsvm_nic",
            "network_security_group_id": "/subscriptions/4477db70-a73b-4972-93d8-5feaed9f53b2/resourceGroups/aim-dev-ajith_rg/providers/Microsoft.Network/networkSecurityGroups/aim-dev-windowsvm_nic-nsg",
            "timeouts": null
          },
          "sensitive_attributes": [],
          "private": "eyJlMmJmYjczMC1lY2FhLTExZTYtOGY4OC0zNDM2M2JjN2M0YzAiOnsiY3JlYXRlIjoxODAwMDAwMDAwMDAwLCJkZWxldGUiOjE4MDAwMDAwMDAwMDAsInJlYWQiOjMwMDAwMDAwMDAwMCwidXBkYXRlIjoxODAwMDAwMDAwMDAwfX0=",
          "dependencies": [
            "azurerm_network_interface.windowsvm_nic_interface",
            "azurerm_network_security_group.windows_vmnic_nsg",
            "azurerm_network_security_rule.windows_nsg_rule_inbound",
            "azurerm_public_ip.windowsvm_public_ip_address",
            "azurerm_resource_group.myrg1",
            "azurerm_subnet.windows_subnet",
            "azurerm_virtual_network.vnet"
          ]
        }
      ]
    },
    {
      "mode": "managed",
      "type": "azurerm_network_security_group",
      "name": "linux_vmnic_nsg",
      "provider": "provider[\"registry.terraform.io/hashicorp/azurerm\"]",
      "instances": [
        {
          "index_key": 0,
          "schema_version": 0,
          "attributes": {
            "id": "/subscriptions/4477db70-a73b-4972-93d8-5feaed9f53b2/resourceGroups/aim-dev-ajith_rg/providers/Microsoft.Network/networkSecurityGroups/aim-dev-linuxvm_nic-0-nsg-0",
            "location": "eastus",
            "name": "aim-dev-linuxvm_nic-0-nsg-0",
            "resource_group_name": "aim-dev-ajith_rg",
            "security_rule": [],
            "tags": null,
            "timeouts": null
          },
          "sensitive_attributes": [],
          "private": "eyJlMmJmYjczMC1lY2FhLTExZTYtOGY4OC0zNDM2M2JjN2M0YzAiOnsiY3JlYXRlIjoxODAwMDAwMDAwMDAwLCJkZWxldGUiOjE4MDAwMDAwMDAwMDAsInJlYWQiOjMwMDAwMDAwMDAwMCwidXBkYXRlIjoxODAwMDAwMDAwMDAwfX0=",
          "dependencies": [
            "azurerm_network_interface.linuxvm_nic_interface",
            "azurerm_public_ip.linuxvm_public_ip_address",
            "azurerm_resource_group.myrg1",
            "azurerm_subnet.linux_subnet",
            "azurerm_virtual_network.vnet"
          ]
        },
        {
          "index_key": 1,
          "schema_version": 0,
          "attributes": {
            "id": "/subscriptions/4477db70-a73b-4972-93d8-5feaed9f53b2/resourceGroups/aim-dev-ajith_rg/providers/Microsoft.Network/networkSecurityGroups/aim-dev-linuxvm_nic-1-nsg-1",
            "location": "eastus",
            "name": "aim-dev-linuxvm_nic-1-nsg-1",
            "resource_group_name": "aim-dev-ajith_rg",
            "security_rule": [],
            "tags": null,
            "timeouts": null
          },
          "sensitive_attributes": [],
          "private": "eyJlMmJmYjczMC1lY2FhLTExZTYtOGY4OC0zNDM2M2JjN2M0YzAiOnsiY3JlYXRlIjoxODAwMDAwMDAwMDAwLCJkZWxldGUiOjE4MDAwMDAwMDAwMDAsInJlYWQiOjMwMDAwMDAwMDAwMCwidXBkYXRlIjoxODAwMDAwMDAwMDAwfX0=",
          "dependencies": [
            "azurerm_network_interface.linuxvm_nic_interface",
            "azurerm_public_ip.linuxvm_public_ip_address",
            "azurerm_resource_group.myrg1",
            "azurerm_subnet.linux_subnet",
            "azurerm_virtual_network.vnet"
          ]
        },
        {
          "index_key": 2,
          "schema_version": 0,
          "attributes": {
            "id": "/subscriptions/4477db70-a73b-4972-93d8-5feaed9f53b2/resourceGroups/aim-dev-ajith_rg/providers/Microsoft.Network/networkSecurityGroups/aim-dev-linuxvm_nic-2-nsg-2",
            "location": "eastus",
            "name": "aim-dev-linuxvm_nic-2-nsg-2",
            "resource_group_name": "aim-dev-ajith_rg",
            "security_rule": [],
            "tags": null,
            "timeouts": null
          },
          "sensitive_attributes": [],
          "private": "eyJlMmJmYjczMC1lY2FhLTExZTYtOGY4OC0zNDM2M2JjN2M0YzAiOnsiY3JlYXRlIjoxODAwMDAwMDAwMDAwLCJkZWxldGUiOjE4MDAwMDAwMDAwMDAsInJlYWQiOjMwMDAwMDAwMDAwMCwidXBkYXRlIjoxODAwMDAwMDAwMDAwfX0=",
          "dependencies": [
            "azurerm_network_interface.linuxvm_nic_interface",
            "azurerm_public_ip.linuxvm_public_ip_address",
            "azurerm_resource_group.myrg1",
            "azurerm_subnet.linux_subnet",
            "azurerm_virtual_network.vnet"
          ]
        }
      ]
    },
    {
      "mode": "managed",
      "type": "azurerm_network_security_group",
      "name": "windows_vmnic_nsg",
      "provider": "provider[\"registry.terraform.io/hashicorp/azurerm\"]",
      "instances": [
        {
          "schema_version": 0,
          "attributes": {
            "id": "/subscriptions/4477db70-a73b-4972-93d8-5feaed9f53b2/resourceGroups/aim-dev-ajith_rg/providers/Microsoft.Network/networkSecurityGroups/aim-dev-windowsvm_nic-nsg",
            "location": "eastus",
            "name": "aim-dev-windowsvm_nic-nsg",
            "resource_group_name": "aim-dev-ajith_rg",
            "security_rule": [],
            "tags": null,
            "timeouts": null
          },
          "sensitive_attributes": [],
          "private": "eyJlMmJmYjczMC1lY2FhLTExZTYtOGY4OC0zNDM2M2JjN2M0YzAiOnsiY3JlYXRlIjoxODAwMDAwMDAwMDAwLCJkZWxldGUiOjE4MDAwMDAwMDAwMDAsInJlYWQiOjMwMDAwMDAwMDAwMCwidXBkYXRlIjoxODAwMDAwMDAwMDAwfX0=",
          "dependencies": [
            "azurerm_network_interface.windowsvm_nic_interface",
            "azurerm_public_ip.windowsvm_public_ip_address",
            "azurerm_resource_group.myrg1",
            "azurerm_subnet.windows_subnet",
            "azurerm_virtual_network.vnet"
          ]
        }
      ]
    },
    {
      "mode": "managed",
      "type": "azurerm_network_security_rule",
      "name": "windows_nsg_rule_inbound",
      "provider": "provider[\"registry.terraform.io/hashicorp/azurerm\"]",
      "instances": [
        {
          "index_key": "100",
          "schema_version": 0,
          "attributes": {
            "access": "Allow",
            "description": "",
            "destination_address_prefix": "*",
            "destination_address_prefixes": null,
            "destination_application_security_group_ids": null,
            "destination_port_range": "3389",
            "destination_port_ranges": null,
            "direction": "Inbound",
            "id": "/subscriptions/4477db70-a73b-4972-93d8-5feaed9f53b2/resourceGroups/aim-dev-ajith_rg/providers/Microsoft.Network/networkSecurityGroups/aim-dev-windowsvm_nic-nsg/securityRules/windowsnsgrule-3389",
            "name": "windowsnsgrule-3389",
            "network_security_group_name": "aim-dev-windowsvm_nic-nsg",
            "priority": 100,
            "protocol": "Tcp",
            "resource_group_name": "aim-dev-ajith_rg",
            "source_address_prefix": "*",
            "source_address_prefixes": null,
            "source_application_security_group_ids": null,
            "source_port_range": "*",
            "source_port_ranges": null,
            "timeouts": null
          },
          "sensitive_attributes": [],
          "private": "eyJlMmJmYjczMC1lY2FhLTExZTYtOGY4OC0zNDM2M2JjN2M0YzAiOnsiY3JlYXRlIjoxODAwMDAwMDAwMDAwLCJkZWxldGUiOjE4MDAwMDAwMDAwMDAsInJlYWQiOjMwMDAwMDAwMDAwMCwidXBkYXRlIjoxODAwMDAwMDAwMDAwfX0=",
          "dependencies": [
            "azurerm_network_interface.windowsvm_nic_interface",
            "azurerm_network_security_group.windows_vmnic_nsg",
            "azurerm_public_ip.windowsvm_public_ip_address",
            "azurerm_resource_group.myrg1",
            "azurerm_subnet.windows_subnet",
            "azurerm_virtual_network.vnet"
          ]
        },
        {
          "index_key": "110",
          "schema_version": 0,
          "attributes": {
            "access": "Allow",
            "description": "",
            "destination_address_prefix": "*",
            "destination_address_prefixes": null,
            "destination_application_security_group_ids": null,
            "destination_port_range": "80",
            "destination_port_ranges": null,
            "direction": "Inbound",
            "id": "/subscriptions/4477db70-a73b-4972-93d8-5feaed9f53b2/resourceGroups/aim-dev-ajith_rg/providers/Microsoft.Network/networkSecurityGroups/aim-dev-windowsvm_nic-nsg/securityRules/windowsnsgrule-80",
            "name": "windowsnsgrule-80",
            "network_security_group_name": "aim-dev-windowsvm_nic-nsg",
            "priority": 110,
            "protocol": "Tcp",
            "resource_group_name": "aim-dev-ajith_rg",
            "source_address_prefix": "*",
            "source_address_prefixes": null,
            "source_application_security_group_ids": null,
            "source_port_range": "*",
            "source_port_ranges": null,
            "timeouts": null
          },
          "sensitive_attributes": [],
          "private": "eyJlMmJmYjczMC1lY2FhLTExZTYtOGY4OC0zNDM2M2JjN2M0YzAiOnsiY3JlYXRlIjoxODAwMDAwMDAwMDAwLCJkZWxldGUiOjE4MDAwMDAwMDAwMDAsInJlYWQiOjMwMDAwMDAwMDAwMCwidXBkYXRlIjoxODAwMDAwMDAwMDAwfX0=",
          "dependencies": [
            "azurerm_network_interface.windowsvm_nic_interface",
            "azurerm_network_security_group.windows_vmnic_nsg",
            "azurerm_public_ip.windowsvm_public_ip_address",
            "azurerm_resource_group.myrg1",
            "azurerm_subnet.windows_subnet",
            "azurerm_virtual_network.vnet"
          ]
        },
        {
          "index_key": "120",
          "schema_version": 0,
          "attributes": {
            "access": "Allow",
            "description": "",
            "destination_address_prefix": "*",
            "destination_address_prefixes": null,
            "destination_application_security_group_ids": null,
            "destination_port_range": "443",
            "destination_port_ranges": null,
            "direction": "Inbound",
            "id": "/subscriptions/4477db70-a73b-4972-93d8-5feaed9f53b2/resourceGroups/aim-dev-ajith_rg/providers/Microsoft.Network/networkSecurityGroups/aim-dev-windowsvm_nic-nsg/securityRules/windowsnsgrule-443",
            "name": "windowsnsgrule-443",
            "network_security_group_name": "aim-dev-windowsvm_nic-nsg",
            "priority": 120,
            "protocol": "Tcp",
            "resource_group_name": "aim-dev-ajith_rg",
            "source_address_prefix": "*",
            "source_address_prefixes": null,
            "source_application_security_group_ids": null,
            "source_port_range": "*",
            "source_port_ranges": null,
            "timeouts": null
          },
          "sensitive_attributes": [],
          "private": "eyJlMmJmYjczMC1lY2FhLTExZTYtOGY4OC0zNDM2M2JjN2M0YzAiOnsiY3JlYXRlIjoxODAwMDAwMDAwMDAwLCJkZWxldGUiOjE4MDAwMDAwMDAwMDAsInJlYWQiOjMwMDAwMDAwMDAwMCwidXBkYXRlIjoxODAwMDAwMDAwMDAwfX0=",
          "dependencies": [
            "azurerm_network_interface.windowsvm_nic_interface",
            "azurerm_network_security_group.windows_vmnic_nsg",
            "azurerm_public_ip.windowsvm_public_ip_address",
            "azurerm_resource_group.myrg1",
            "azurerm_subnet.windows_subnet",
            "azurerm_virtual_network.vnet"
          ]
        }
      ]
    },
    {
      "mode": "managed",
      "type": "azurerm_public_ip",
      "name": "linuxvm_public_ip_address",
      "provider": "provider[\"registry.terraform.io/hashicorp/azurerm\"]",
      "instances": [
        {
          "index_key": 0,
          "schema_version": 0,
          "attributes": {
            "allocation_method": "Static",
            "availability_zone": "No-Zone",
            "domain_name_label": null,
            "fqdn": null,
            "id": "/subscriptions/4477db70-a73b-4972-93d8-5feaed9f53b2/resourceGroups/aim-dev-ajith_rg/providers/Microsoft.Network/publicIPAddresses/aim-dev-linuxvm_publicip-0",
            "idle_timeout_in_minutes": 4,
            "ip_address": "52.188.166.195",
            "ip_tags": null,
            "ip_version": "IPv4",
            "location": "eastus",
            "name": "aim-dev-linuxvm_publicip-0",
            "public_ip_prefix_id": null,
            "resource_group_name": "aim-dev-ajith_rg",
            "reverse_fqdn": null,
            "sku": "Basic",
            "sku_tier": "Regional",
            "tags": null,
            "timeouts": null,
            "zones": []
          },
          "sensitive_attributes": [],
          "private": "eyJlMmJmYjczMC1lY2FhLTExZTYtOGY4OC0zNDM2M2JjN2M0YzAiOnsiY3JlYXRlIjoxODAwMDAwMDAwMDAwLCJkZWxldGUiOjE4MDAwMDAwMDAwMDAsInJlYWQiOjMwMDAwMDAwMDAwMCwidXBkYXRlIjoxODAwMDAwMDAwMDAwfX0=",
          "dependencies": [
            "azurerm_resource_group.myrg1"
          ]
        },
        {
          "index_key": 1,
          "schema_version": 0,
          "attributes": {
            "allocation_method": "Static",
            "availability_zone": "No-Zone",
            "domain_name_label": null,
            "fqdn": null,
            "id": "/subscriptions/4477db70-a73b-4972-93d8-5feaed9f53b2/resourceGroups/aim-dev-ajith_rg/providers/Microsoft.Network/publicIPAddresses/aim-dev-linuxvm_publicip-1",
            "idle_timeout_in_minutes": 4,
            "ip_address": "52.188.160.79",
            "ip_tags": null,
            "ip_version": "IPv4",
            "location": "eastus",
            "name": "aim-dev-linuxvm_publicip-1",
            "public_ip_prefix_id": null,
            "resource_group_name": "aim-dev-ajith_rg",
            "reverse_fqdn": null,
            "sku": "Basic",
            "sku_tier": "Regional",
            "tags": null,
            "timeouts": null,
            "zones": []
          },
          "sensitive_attributes": [],
          "private": "eyJlMmJmYjczMC1lY2FhLTExZTYtOGY4OC0zNDM2M2JjN2M0YzAiOnsiY3JlYXRlIjoxODAwMDAwMDAwMDAwLCJkZWxldGUiOjE4MDAwMDAwMDAwMDAsInJlYWQiOjMwMDAwMDAwMDAwMCwidXBkYXRlIjoxODAwMDAwMDAwMDAwfX0=",
          "dependencies": [
            "azurerm_resource_group.myrg1"
          ]
        },
        {
          "index_key": 2,
          "schema_version": 0,
          "attributes": {
            "allocation_method": "Static",
            "availability_zone": "No-Zone",
            "domain_name_label": null,
            "fqdn": null,
            "id": "/subscriptions/4477db70-a73b-4972-93d8-5feaed9f53b2/resourceGroups/aim-dev-ajith_rg/providers/Microsoft.Network/publicIPAddresses/aim-dev-linuxvm_publicip-2",
            "idle_timeout_in_minutes": 4,
            "ip_address": "52.249.191.72",
            "ip_tags": null,
            "ip_version": "IPv4",
            "location": "eastus",
            "name": "aim-dev-linuxvm_publicip-2",
            "public_ip_prefix_id": null,
            "resource_group_name": "aim-dev-ajith_rg",
            "reverse_fqdn": null,
            "sku": "Basic",
            "sku_tier": "Regional",
            "tags": null,
            "timeouts": null,
            "zones": []
          },
          "sensitive_attributes": [],
          "private": "eyJlMmJmYjczMC1lY2FhLTExZTYtOGY4OC0zNDM2M2JjN2M0YzAiOnsiY3JlYXRlIjoxODAwMDAwMDAwMDAwLCJkZWxldGUiOjE4MDAwMDAwMDAwMDAsInJlYWQiOjMwMDAwMDAwMDAwMCwidXBkYXRlIjoxODAwMDAwMDAwMDAwfX0=",
          "dependencies": [
            "azurerm_resource_group.myrg1"
          ]
        }
      ]
    },
    {
      "mode": "managed",
      "type": "azurerm_public_ip",
      "name": "windowsvm_public_ip_address",
      "provider": "provider[\"registry.terraform.io/hashicorp/azurerm\"]",
      "instances": [
        {
          "schema_version": 0,
          "attributes": {
            "allocation_method": "Static",
            "availability_zone": "No-Zone",
            "domain_name_label": null,
            "fqdn": null,
            "id": "/subscriptions/4477db70-a73b-4972-93d8-5feaed9f53b2/resourceGroups/aim-dev-ajith_rg/providers/Microsoft.Network/publicIPAddresses/aim-dev-windowsvm_publicip",
            "idle_timeout_in_minutes": 4,
            "ip_address": "52.188.166.215",
            "ip_tags": null,
            "ip_version": "IPv4",
            "location": "eastus",
            "name": "aim-dev-windowsvm_publicip",
            "public_ip_prefix_id": null,
            "resource_group_name": "aim-dev-ajith_rg",
            "reverse_fqdn": null,
            "sku": "Basic",
            "sku_tier": "Regional",
            "tags": null,
            "timeouts": null,
            "zones": []
          },
          "sensitive_attributes": [],
          "private": "eyJlMmJmYjczMC1lY2FhLTExZTYtOGY4OC0zNDM2M2JjN2M0YzAiOnsiY3JlYXRlIjoxODAwMDAwMDAwMDAwLCJkZWxldGUiOjE4MDAwMDAwMDAwMDAsInJlYWQiOjMwMDAwMDAwMDAwMCwidXBkYXRlIjoxODAwMDAwMDAwMDAwfX0=",
          "dependencies": [
            "azurerm_resource_group.myrg1"
          ]
        }
      ]
    },
    {
      "mode": "managed",
      "type": "azurerm_resource_group",
      "name": "myrg1",
      "provider": "provider[\"registry.terraform.io/hashicorp/azurerm\"]",
      "instances": [
        {
          "schema_version": 0,
          "attributes": {
            "id": "/subscriptions/4477db70-a73b-4972-93d8-5feaed9f53b2/resourceGroups/aim-dev-ajith_rg",
            "location": "eastus",
            "name": "aim-dev-ajith_rg",
            "tags": {
              "environment": "dev",
              "project": "aim"
            },
            "timeouts": null
          },
          "sensitive_attributes": [],
          "private": "eyJlMmJmYjczMC1lY2FhLTExZTYtOGY4OC0zNDM2M2JjN2M0YzAiOnsiY3JlYXRlIjo1NDAwMDAwMDAwMDAwLCJkZWxldGUiOjU0MDAwMDAwMDAwMDAsInJlYWQiOjMwMDAwMDAwMDAwMCwidXBkYXRlIjo1NDAwMDAwMDAwMDAwfX0="
        }
      ]
    },
    {
      "mode": "managed",
      "type": "azurerm_subnet",
      "name": "linux_subnet",
      "provider": "provider[\"registry.terraform.io/hashicorp/azurerm\"]",
      "instances": [
        {
          "schema_version": 0,
          "attributes": {
            "address_prefix": "20.0.2.0/24",
            "address_prefixes": [
              "20.0.2.0/24"
            ],
            "delegation": [],
            "enforce_private_link_endpoint_network_policies": false,
            "enforce_private_link_service_network_policies": false,
            "id": "/subscriptions/4477db70-a73b-4972-93d8-5feaed9f53b2/resourceGroups/aim-dev-ajith_rg/providers/Microsoft.Network/virtualNetworks/aim-dev-vnet_default/subnets/aim-dev-linuxsubnet",
            "name": "aim-dev-linuxsubnet",
            "resource_group_name": "aim-dev-ajith_rg",
            "service_endpoint_policy_ids": null,
            "service_endpoints": null,
            "timeouts": null,
            "virtual_network_name": "aim-dev-vnet_default"
          },
          "sensitive_attributes": [],
          "private": "eyJlMmJmYjczMC1lY2FhLTExZTYtOGY4OC0zNDM2M2JjN2M0YzAiOnsiY3JlYXRlIjoxODAwMDAwMDAwMDAwLCJkZWxldGUiOjE4MDAwMDAwMDAwMDAsInJlYWQiOjMwMDAwMDAwMDAwMCwidXBkYXRlIjoxODAwMDAwMDAwMDAwfX0=",
          "dependencies": [
            "azurerm_resource_group.myrg1",
            "azurerm_virtual_network.vnet"
          ]
        }
      ]
    },
    {
      "mode": "managed",
      "type": "azurerm_subnet",
      "name": "windows_subnet",
      "provider": "provider[\"registry.terraform.io/hashicorp/azurerm\"]",
      "instances": [
        {
          "schema_version": 0,
          "attributes": {
            "address_prefix": "20.0.1.0/24",
            "address_prefixes": [
              "20.0.1.0/24"
            ],
            "delegation": [],
            "enforce_private_link_endpoint_network_policies": false,
            "enforce_private_link_service_network_policies": false,
            "id": "/subscriptions/4477db70-a73b-4972-93d8-5feaed9f53b2/resourceGroups/aim-dev-ajith_rg/providers/Microsoft.Network/virtualNetworks/aim-dev-vnet_default/subnets/aim-dev-winsubnet",
            "name": "aim-dev-winsubnet",
            "resource_group_name": "aim-dev-ajith_rg",
            "service_endpoint_policy_ids": null,
            "service_endpoints": null,
            "timeouts": null,
            "virtual_network_name": "aim-dev-vnet_default"
          },
          "sensitive_attributes": [],
          "private": "eyJlMmJmYjczMC1lY2FhLTExZTYtOGY4OC0zNDM2M2JjN2M0YzAiOnsiY3JlYXRlIjoxODAwMDAwMDAwMDAwLCJkZWxldGUiOjE4MDAwMDAwMDAwMDAsInJlYWQiOjMwMDAwMDAwMDAwMCwidXBkYXRlIjoxODAwMDAwMDAwMDAwfX0=",
          "dependencies": [
            "azurerm_resource_group.myrg1",
            "azurerm_virtual_network.vnet"
          ]
        }
      ]
    },
    {
      "mode": "managed",
      "type": "azurerm_virtual_machine_data_disk_attachment",
      "name": "attach_linuxvm_add_disk",
      "provider": "provider[\"registry.terraform.io/hashicorp/azurerm\"]",
      "instances": [
        {
          "index_key": 0,
          "schema_version": 0,
          "attributes": {
            "caching": "ReadWrite",
            "create_option": "Attach",
            "id": "/subscriptions/4477db70-a73b-4972-93d8-5feaed9f53b2/resourceGroups/aim-dev-ajith_rg/providers/Microsoft.Compute/virtualMachines/aimdevl-0/dataDisks/aimdevl-0-0",
            "lun": 10,
            "managed_disk_id": "/subscriptions/4477db70-a73b-4972-93d8-5feaed9f53b2/resourceGroups/aim-dev-ajith_rg/providers/Microsoft.Compute/disks/aimdevl-0-0",
            "timeouts": null,
            "virtual_machine_id": "/subscriptions/4477db70-a73b-4972-93d8-5feaed9f53b2/resourceGroups/aim-dev-ajith_rg/providers/Microsoft.Compute/virtualMachines/aimdevl-0",
            "write_accelerator_enabled": false
          },
          "sensitive_attributes": [],
          "private": "eyJlMmJmYjczMC1lY2FhLTExZTYtOGY4OC0zNDM2M2JjN2M0YzAiOnsiY3JlYXRlIjoxODAwMDAwMDAwMDAwLCJkZWxldGUiOjE4MDAwMDAwMDAwMDAsInJlYWQiOjMwMDAwMDAwMDAwMCwidXBkYXRlIjoxODAwMDAwMDAwMDAwfX0=",
          "dependencies": [
            "azurerm_linux_virtual_machine.linuxvm",
            "azurerm_managed_disk.linuxvm_add_disk",
            "azurerm_network_interface.linuxvm_nic_interface",
            "azurerm_public_ip.linuxvm_public_ip_address",
            "azurerm_resource_group.myrg1",
            "azurerm_subnet.linux_subnet",
            "azurerm_virtual_network.vnet"
          ]
        },
        {
          "index_key": 1,
          "schema_version": 0,
          "attributes": {
            "caching": "ReadWrite",
            "create_option": "Attach",
            "id": "/subscriptions/4477db70-a73b-4972-93d8-5feaed9f53b2/resourceGroups/aim-dev-ajith_rg/providers/Microsoft.Compute/virtualMachines/aimdevl-1/dataDisks/aimdevl-1-1",
            "lun": 10,
            "managed_disk_id": "/subscriptions/4477db70-a73b-4972-93d8-5feaed9f53b2/resourceGroups/aim-dev-ajith_rg/providers/Microsoft.Compute/disks/aimdevl-1-1",
            "timeouts": null,
            "virtual_machine_id": "/subscriptions/4477db70-a73b-4972-93d8-5feaed9f53b2/resourceGroups/aim-dev-ajith_rg/providers/Microsoft.Compute/virtualMachines/aimdevl-1",
            "write_accelerator_enabled": false
          },
          "sensitive_attributes": [],
          "private": "eyJlMmJmYjczMC1lY2FhLTExZTYtOGY4OC0zNDM2M2JjN2M0YzAiOnsiY3JlYXRlIjoxODAwMDAwMDAwMDAwLCJkZWxldGUiOjE4MDAwMDAwMDAwMDAsInJlYWQiOjMwMDAwMDAwMDAwMCwidXBkYXRlIjoxODAwMDAwMDAwMDAwfX0=",
          "dependencies": [
            "azurerm_linux_virtual_machine.linuxvm",
            "azurerm_managed_disk.linuxvm_add_disk",
            "azurerm_network_interface.linuxvm_nic_interface",
            "azurerm_public_ip.linuxvm_public_ip_address",
            "azurerm_resource_group.myrg1",
            "azurerm_subnet.linux_subnet",
            "azurerm_virtual_network.vnet"
          ]
        },
        {
          "index_key": 2,
          "schema_version": 0,
          "attributes": {
            "caching": "ReadWrite",
            "create_option": "Attach",
            "id": "/subscriptions/4477db70-a73b-4972-93d8-5feaed9f53b2/resourceGroups/aim-dev-ajith_rg/providers/Microsoft.Compute/virtualMachines/aimdevl-2/dataDisks/aimdevl-2-2",
            "lun": 10,
            "managed_disk_id": "/subscriptions/4477db70-a73b-4972-93d8-5feaed9f53b2/resourceGroups/aim-dev-ajith_rg/providers/Microsoft.Compute/disks/aimdevl-2-2",
            "timeouts": null,
            "virtual_machine_id": "/subscriptions/4477db70-a73b-4972-93d8-5feaed9f53b2/resourceGroups/aim-dev-ajith_rg/providers/Microsoft.Compute/virtualMachines/aimdevl-2",
            "write_accelerator_enabled": false
          },
          "sensitive_attributes": [],
          "private": "eyJlMmJmYjczMC1lY2FhLTExZTYtOGY4OC0zNDM2M2JjN2M0YzAiOnsiY3JlYXRlIjoxODAwMDAwMDAwMDAwLCJkZWxldGUiOjE4MDAwMDAwMDAwMDAsInJlYWQiOjMwMDAwMDAwMDAwMCwidXBkYXRlIjoxODAwMDAwMDAwMDAwfX0=",
          "dependencies": [
            "azurerm_linux_virtual_machine.linuxvm",
            "azurerm_managed_disk.linuxvm_add_disk",
            "azurerm_network_interface.linuxvm_nic_interface",
            "azurerm_public_ip.linuxvm_public_ip_address",
            "azurerm_resource_group.myrg1",
            "azurerm_subnet.linux_subnet",
            "azurerm_virtual_network.vnet"
          ]
        }
      ]
    },
    {
      "mode": "managed",
      "type": "azurerm_virtual_machine_data_disk_attachment",
      "name": "attach_winvm_add_disk",
      "provider": "provider[\"registry.terraform.io/hashicorp/azurerm\"]",
      "instances": [
        {
          "schema_version": 0,
          "attributes": {
            "caching": "ReadWrite",
            "create_option": "Attach",
            "id": "/subscriptions/4477db70-a73b-4972-93d8-5feaed9f53b2/resourceGroups/aim-dev-ajith_rg/providers/Microsoft.Compute/virtualMachines/aimdevw0270/dataDisks/aimdevw0270-data_disk",
            "lun": 10,
            "managed_disk_id": "/subscriptions/4477db70-a73b-4972-93d8-5feaed9f53b2/resourceGroups/aim-dev-ajith_rg/providers/Microsoft.Compute/disks/aimdevw0270-data_disk",
            "timeouts": null,
            "virtual_machine_id": "/subscriptions/4477db70-a73b-4972-93d8-5feaed9f53b2/resourceGroups/aim-dev-ajith_rg/providers/Microsoft.Compute/virtualMachines/aimdevw0270",
            "write_accelerator_enabled": false
          },
          "sensitive_attributes": [],
          "private": "eyJlMmJmYjczMC1lY2FhLTExZTYtOGY4OC0zNDM2M2JjN2M0YzAiOnsiY3JlYXRlIjoxODAwMDAwMDAwMDAwLCJkZWxldGUiOjE4MDAwMDAwMDAwMDAsInJlYWQiOjMwMDAwMDAwMDAwMCwidXBkYXRlIjoxODAwMDAwMDAwMDAwfX0=",
          "dependencies": [
            "azurerm_managed_disk.winvm_add_disk",
            "azurerm_network_interface.windowsvm_nic_interface",
            "azurerm_public_ip.windowsvm_public_ip_address",
            "azurerm_resource_group.myrg1",
            "azurerm_subnet.windows_subnet",
            "azurerm_virtual_network.vnet",
            "azurerm_windows_virtual_machine.windowsvm",
            "random_string.myrandom"
          ]
        }
      ]
    },
    {
      "mode": "managed",
      "type": "azurerm_virtual_network",
      "name": "vnet",
      "provider": "provider[\"registry.terraform.io/hashicorp/azurerm\"]",
      "instances": [
        {
          "schema_version": 0,
          "attributes": {
            "address_space": [
              "20.0.0.0/16"
            ],
            "bgp_community": "",
            "ddos_protection_plan": [],
            "dns_servers": [],
            "flow_timeout_in_minutes": 0,
            "guid": "8ced224b-790f-479b-8545-b0240be20006",
            "id": "/subscriptions/4477db70-a73b-4972-93d8-5feaed9f53b2/resourceGroups/aim-dev-ajith_rg/providers/Microsoft.Network/virtualNetworks/aim-dev-vnet_default",
            "location": "eastus",
            "name": "aim-dev-vnet_default",
            "resource_group_name": "aim-dev-ajith_rg",
            "subnet": [],
            "tags": {
              "environment": "dev",
              "project": "aim"
            },
            "timeouts": null,
            "vm_protection_enabled": false
          },
          "sensitive_attributes": [],
          "private": "eyJlMmJmYjczMC1lY2FhLTExZTYtOGY4OC0zNDM2M2JjN2M0YzAiOnsiY3JlYXRlIjoxODAwMDAwMDAwMDAwLCJkZWxldGUiOjE4MDAwMDAwMDAwMDAsInJlYWQiOjMwMDAwMDAwMDAwMCwidXBkYXRlIjoxODAwMDAwMDAwMDAwfX0=",
          "dependencies": [
            "azurerm_resource_group.myrg1"
          ]
        }
      ]
    },
    {
      "mode": "managed",
      "type": "azurerm_windows_virtual_machine",
      "name": "windowsvm",
      "provider": "provider[\"registry.terraform.io/hashicorp/azurerm\"]",
      "instances": [
        {
          "schema_version": 0,
          "attributes": {
            "additional_capabilities": [],
            "additional_unattend_content": [],
            "admin_password": "Password@123",
            "admin_username": "adminaim",
            "allow_extension_operations": true,
            "availability_set_id": "",
            "boot_diagnostics": [],
            "computer_name": "aimdevw0270",
            "custom_data": null,
            "dedicated_host_id": "",
            "enable_automatic_updates": true,
            "encryption_at_host_enabled": false,
            "eviction_policy": "",
            "extensions_time_budget": "PT1H30M",
            "id": "/subscriptions/4477db70-a73b-4972-93d8-5feaed9f53b2/resourceGroups/aim-dev-ajith_rg/providers/Microsoft.Compute/virtualMachines/aimdevw0270",
            "identity": [],
            "license_type": "",
            "location": "eastus",
            "max_bid_price": -1,
            "name": "aimdevw0270",
            "network_interface_ids": [
              "/subscriptions/4477db70-a73b-4972-93d8-5feaed9f53b2/resourceGroups/aim-dev-ajith_rg/providers/Microsoft.Network/networkInterfaces/aim-dev-windowsvm_nic"
            ],
            "os_disk": [
              {
                "caching": "ReadWrite",
                "diff_disk_settings": [],
                "disk_encryption_set_id": "",
                "disk_size_gb": 127,
                "name": "aim-dev-windows_vm-0270",
                "storage_account_type": "Standard_LRS",
                "write_accelerator_enabled": false
              }
            ],
            "patch_mode": "AutomaticByOS",
            "plan": [],
            "platform_fault_domain": -1,
            "priority": "Regular",
            "private_ip_address": "20.0.1.4",
            "private_ip_addresses": [
              "20.0.1.4"
            ],
            "provision_vm_agent": true,
            "proximity_placement_group_id": "",
            "public_ip_address": "52.188.166.215",
            "public_ip_addresses": [
              "52.188.166.215"
            ],
            "resource_group_name": "aim-dev-ajith_rg",
            "secret": [],
            "secure_boot_enabled": false,
            "size": "Standard_F2",
            "source_image_id": "",
            "source_image_reference": [
              {
                "offer": "WindowsServer",
                "publisher": "MicrosoftWindowsServer",
                "sku": "2016-Datacenter",
                "version": "latest"
              }
            ],
            "tags": null,
            "timeouts": null,
            "timezone": "",
            "user_data": "",
            "virtual_machine_id": "81ca9fcd-4833-4b8b-ad6d-b6888c249e52",
            "virtual_machine_scale_set_id": "",
            "vtpm_enabled": false,
            "winrm_listener": [],
            "zone": ""
          },
          "sensitive_attributes": [],
          "private": "eyJlMmJmYjczMC1lY2FhLTExZTYtOGY4OC0zNDM2M2JjN2M0YzAiOnsiY3JlYXRlIjoyNzAwMDAwMDAwMDAwLCJkZWxldGUiOjI3MDAwMDAwMDAwMDAsInJlYWQiOjMwMDAwMDAwMDAwMCwidXBkYXRlIjoyNzAwMDAwMDAwMDAwfX0=",
          "dependencies": [
            "azurerm_network_interface.windowsvm_nic_interface",
            "azurerm_public_ip.windowsvm_public_ip_address",
            "azurerm_resource_group.myrg1",
            "azurerm_subnet.windows_subnet",
            "azurerm_virtual_network.vnet",
            "random_string.myrandom"
          ]
        }
      ]
    },
    {
      "mode": "managed",
      "type": "random_string",
      "name": "myrandom",
      "provider": "provider[\"registry.terraform.io/hashicorp/random\"]",
      "instances": [
        {
          "schema_version": 1,
          "attributes": {
            "id": "0270",
            "keepers": null,
            "length": 4,
            "lower": false,
            "min_lower": 0,
            "min_numeric": 0,
            "min_special": 0,
            "min_upper": 0,
            "number": true,
            "override_special": null,
            "result": "0270",
            "special": false,
            "upper": false
          },
          "sensitive_attributes": [],
          "private": "eyJzY2hlbWFfdmVyc2lvbiI6IjEifQ=="
        }
      ]
    }
  ]
}
