{
  "version": 4,
  "terraform_version": "1.1.2",
  "serial": 79,
  "lineage": "915a7e9c-1a5b-c60c-19d6-a81949204407",
  "outputs": {},
  "resources": [
    {
      "mode": "managed",
      "type": "azurerm_linux_virtual_machine",
      "name": "appvm",
      "provider": "provider[\"registry.terraform.io/hashicorp/azurerm\"]",
      "instances": [
        {
          "schema_version": 0,
          "attributes": {
            "additional_capabilities": [],
            "admin_password": "root@123",
            "admin_ssh_key": [],
            "admin_username": "azureuser",
            "allow_extension_operations": true,
            "availability_set_id": "",
            "boot_diagnostics": [],
            "computer_name": "aim-dev-app-vm",
            "custom_data": null,
            "dedicated_host_group_id": "",
            "dedicated_host_id": "",
            "disable_password_authentication": false,
            "encryption_at_host_enabled": false,
            "eviction_policy": "",
            "extensions_time_budget": "PT1H30M",
            "id": "/subscriptions/4477db70-a73b-4972-93d8-5feaed9f53b2/resourceGroups/aim-dev-RG1/providers/Microsoft.Compute/virtualMachines/aim-dev-app-vm",
            "identity": [],
            "license_type": "",
            "location": "eastus",
            "max_bid_price": -1,
            "name": "aim-dev-app-vm",
            "network_interface_ids": [
              "/subscriptions/4477db70-a73b-4972-93d8-5feaed9f53b2/resourceGroups/aim-dev-RG1/providers/Microsoft.Network/networkInterfaces/aim-dev-appvm-nic"
            ],
            "os_disk": [
              {
                "caching": "ReadWrite",
                "diff_disk_settings": [],
                "disk_encryption_set_id": "",
                "disk_size_gb": 64,
                "name": "aim-dev-app-vm_OsDisk_1_f9a24a21eecb4dc89873d2982e072e18",
                "storage_account_type": "Standard_LRS",
                "write_accelerator_enabled": false
              }
            ],
            "patch_mode": "ImageDefault",
            "plan": [],
            "platform_fault_domain": -1,
            "priority": "Regular",
            "private_ip_address": "10.0.2.4",
            "private_ip_addresses": [
              "10.0.2.4"
            ],
            "provision_vm_agent": true,
            "proximity_placement_group_id": "",
            "public_ip_address": "20.127.78.42",
            "public_ip_addresses": [
              "20.127.78.42"
            ],
            "resource_group_name": "aim-dev-RG1",
            "secret": [],
            "secure_boot_enabled": false,
            "size": "Standard_DS1_v2",
            "source_image_id": "",
            "source_image_reference": [
              {
                "offer": "RHEL",
                "publisher": "RedHat",
                "sku": "83-gen2",
                "version": "latest"
              }
            ],
            "tags": {},
            "timeouts": null,
            "user_data": "",
            "virtual_machine_id": "51dc82dc-daa8-45ae-b962-24e3c3c233a1",
            "virtual_machine_scale_set_id": "",
            "vtpm_enabled": false,
            "zone": ""
          },
          "sensitive_attributes": [],
          "private": "eyJlMmJmYjczMC1lY2FhLTExZTYtOGY4OC0zNDM2M2JjN2M0YzAiOnsiY3JlYXRlIjoyNzAwMDAwMDAwMDAwLCJkZWxldGUiOjI3MDAwMDAwMDAwMDAsInJlYWQiOjMwMDAwMDAwMDAwMCwidXBkYXRlIjoyNzAwMDAwMDAwMDAwfX0=",
          "dependencies": [
            "azurerm_resource_group.RG1",
            "azurerm_subnet.app_subnet",
            "azurerm_virtual_network.app_vnet",
            "azurerm_network_interface.app_vm_nic_interface",
            "azurerm_public_ip.appvm_public_ip_address"
          ]
        }
      ]
    },
    {
      "mode": "managed",
      "type": "azurerm_linux_virtual_machine",
      "name": "mgmtvm",
      "provider": "provider[\"registry.terraform.io/hashicorp/azurerm\"]",
      "instances": [
        {
          "schema_version": 0,
          "attributes": {
            "additional_capabilities": [],
            "admin_password": "root@123",
            "admin_ssh_key": [],
            "admin_username": "azureuser",
            "allow_extension_operations": true,
            "availability_set_id": "",
            "boot_diagnostics": [],
            "computer_name": "aim-dev-mgmt-vm",
            "custom_data": null,
            "dedicated_host_group_id": "",
            "dedicated_host_id": "",
            "disable_password_authentication": false,
            "encryption_at_host_enabled": false,
            "eviction_policy": "",
            "extensions_time_budget": "PT1H30M",
            "id": "/subscriptions/4477db70-a73b-4972-93d8-5feaed9f53b2/resourceGroups/aim-dev-RG1/providers/Microsoft.Compute/virtualMachines/aim-dev-mgmt-vm",
            "identity": [],
            "license_type": "",
            "location": "eastus",
            "max_bid_price": -1,
            "name": "aim-dev-mgmt-vm",
            "network_interface_ids": [
              "/subscriptions/4477db70-a73b-4972-93d8-5feaed9f53b2/resourceGroups/aim-dev-RG1/providers/Microsoft.Network/networkInterfaces/aim-dev-mgmtvm-nic"
            ],
            "os_disk": [
              {
                "caching": "ReadWrite",
                "diff_disk_settings": [],
                "disk_encryption_set_id": "",
                "disk_size_gb": 64,
                "name": "aim-dev-mgmt-vm_OsDisk_1_404266a664714eac93cf4b22dbdf925b",
                "storage_account_type": "Standard_LRS",
                "write_accelerator_enabled": false
              }
            ],
            "patch_mode": "ImageDefault",
            "plan": [],
            "platform_fault_domain": -1,
            "priority": "Regular",
            "private_ip_address": "20.0.1.4",
            "private_ip_addresses": [
              "20.0.1.4"
            ],
            "provision_vm_agent": true,
            "proximity_placement_group_id": "",
            "public_ip_address": "20.127.73.255",
            "public_ip_addresses": [
              "20.127.73.255"
            ],
            "resource_group_name": "aim-dev-RG1",
            "secret": [],
            "secure_boot_enabled": false,
            "size": "Standard_DS1_v2",
            "source_image_id": "",
            "source_image_reference": [
              {
                "offer": "RHEL",
                "publisher": "RedHat",
                "sku": "83-gen2",
                "version": "latest"
              }
            ],
            "tags": {},
            "timeouts": null,
            "user_data": "",
            "virtual_machine_id": "75f5a6bc-3cd3-4c07-9f37-547c43ecd920",
            "virtual_machine_scale_set_id": "",
            "vtpm_enabled": false,
            "zone": ""
          },
          "sensitive_attributes": [],
          "private": "eyJlMmJmYjczMC1lY2FhLTExZTYtOGY4OC0zNDM2M2JjN2M0YzAiOnsiY3JlYXRlIjoyNzAwMDAwMDAwMDAwLCJkZWxldGUiOjI3MDAwMDAwMDAwMDAsInJlYWQiOjMwMDAwMDAwMDAwMCwidXBkYXRlIjoyNzAwMDAwMDAwMDAwfX0=",
          "dependencies": [
            "azurerm_network_interface.mgmt_vm_nic_interface",
            "azurerm_public_ip.mgmtvm_public_ip_address",
            "azurerm_resource_group.RG1",
            "azurerm_subnet.mgmt_subnet",
            "azurerm_virtual_network.mgmt_vnet"
          ]
        }
      ]
    },
    {
      "mode": "managed",
      "type": "azurerm_network_interface",
      "name": "app_vm_nic_interface",
      "provider": "provider[\"registry.terraform.io/hashicorp/azurerm\"]",
      "instances": [
        {
          "schema_version": 0,
          "attributes": {
            "applied_dns_servers": [],
            "dns_servers": [],
            "enable_accelerated_networking": false,
            "enable_ip_forwarding": false,
            "id": "/subscriptions/4477db70-a73b-4972-93d8-5feaed9f53b2/resourceGroups/aim-dev-RG1/providers/Microsoft.Network/networkInterfaces/aim-dev-appvm-nic",
            "internal_dns_name_label": "",
            "internal_domain_name_suffix": "nwa4whwl1t0ubbwsz5wdubo3gc.bx.internal.cloudapp.net",
            "ip_configuration": [
              {
                "gateway_load_balancer_frontend_ip_configuration_id": "",
                "name": "app_vm_nic",
                "primary": true,
                "private_ip_address": "10.0.2.4",
                "private_ip_address_allocation": "Dynamic",
                "private_ip_address_version": "IPv4",
                "public_ip_address_id": "/subscriptions/4477db70-a73b-4972-93d8-5feaed9f53b2/resourceGroups/aim-dev-RG1/providers/Microsoft.Network/publicIPAddresses/aim-dev-appvm-public-ip",
                "subnet_id": "/subscriptions/4477db70-a73b-4972-93d8-5feaed9f53b2/resourceGroups/aim-dev-RG1/providers/Microsoft.Network/virtualNetworks/aim-dev-vnet_app/subnets/aim-dev-appsubnet"
              }
            ],
            "location": "eastus",
            "mac_address": "00-22-48-25-76-E3",
            "name": "aim-dev-appvm-nic",
            "private_ip_address": "10.0.2.4",
            "private_ip_addresses": [
              "10.0.2.4"
            ],
            "resource_group_name": "aim-dev-RG1",
            "tags": {},
            "timeouts": null,
            "virtual_machine_id": "/subscriptions/4477db70-a73b-4972-93d8-5feaed9f53b2/resourceGroups/aim-dev-RG1/providers/Microsoft.Compute/virtualMachines/aim-dev-app-vm"
          },
          "sensitive_attributes": [],
          "private": "eyJlMmJmYjczMC1lY2FhLTExZTYtOGY4OC0zNDM2M2JjN2M0YzAiOnsiY3JlYXRlIjoxODAwMDAwMDAwMDAwLCJkZWxldGUiOjE4MDAwMDAwMDAwMDAsInJlYWQiOjMwMDAwMDAwMDAwMCwidXBkYXRlIjoxODAwMDAwMDAwMDAwfX0=",
          "dependencies": [
            "azurerm_subnet.app_subnet",
            "azurerm_virtual_network.app_vnet",
            "azurerm_public_ip.appvm_public_ip_address",
            "azurerm_resource_group.RG1"
          ]
        }
      ]
    },
    {
      "mode": "managed",
      "type": "azurerm_network_interface",
      "name": "mgmt_vm_nic_interface",
      "provider": "provider[\"registry.terraform.io/hashicorp/azurerm\"]",
      "instances": [
        {
          "schema_version": 0,
          "attributes": {
            "applied_dns_servers": [],
            "dns_servers": [],
            "enable_accelerated_networking": false,
            "enable_ip_forwarding": false,
            "id": "/subscriptions/4477db70-a73b-4972-93d8-5feaed9f53b2/resourceGroups/aim-dev-RG1/providers/Microsoft.Network/networkInterfaces/aim-dev-mgmtvm-nic",
            "internal_dns_name_label": "",
            "internal_domain_name_suffix": "4l2auzz4btounjoixi20ozgwke.bx.internal.cloudapp.net",
            "ip_configuration": [
              {
                "gateway_load_balancer_frontend_ip_configuration_id": "",
                "name": "mgmt_vm_nic",
                "primary": true,
                "private_ip_address": "20.0.1.4",
                "private_ip_address_allocation": "Dynamic",
                "private_ip_address_version": "IPv4",
                "public_ip_address_id": "/subscriptions/4477db70-a73b-4972-93d8-5feaed9f53b2/resourceGroups/aim-dev-RG1/providers/Microsoft.Network/publicIPAddresses/aim-dev-mgmtvm-public-ip",
                "subnet_id": "/subscriptions/4477db70-a73b-4972-93d8-5feaed9f53b2/resourceGroups/aim-dev-RG1/providers/Microsoft.Network/virtualNetworks/aim-dev-vnet_mgmt/subnets/aim-dev-mgmtsubnet"
              }
            ],
            "location": "eastus",
            "mac_address": "00-22-48-25-71-1E",
            "name": "aim-dev-mgmtvm-nic",
            "private_ip_address": "20.0.1.4",
            "private_ip_addresses": [
              "20.0.1.4"
            ],
            "resource_group_name": "aim-dev-RG1",
            "tags": {},
            "timeouts": null,
            "virtual_machine_id": "/subscriptions/4477db70-a73b-4972-93d8-5feaed9f53b2/resourceGroups/aim-dev-RG1/providers/Microsoft.Compute/virtualMachines/aim-dev-mgmt-vm"
          },
          "sensitive_attributes": [],
          "private": "eyJlMmJmYjczMC1lY2FhLTExZTYtOGY4OC0zNDM2M2JjN2M0YzAiOnsiY3JlYXRlIjoxODAwMDAwMDAwMDAwLCJkZWxldGUiOjE4MDAwMDAwMDAwMDAsInJlYWQiOjMwMDAwMDAwMDAwMCwidXBkYXRlIjoxODAwMDAwMDAwMDAwfX0=",
          "dependencies": [
            "azurerm_subnet.mgmt_subnet",
            "azurerm_virtual_network.mgmt_vnet",
            "azurerm_public_ip.mgmtvm_public_ip_address",
            "azurerm_resource_group.RG1"
          ]
        }
      ]
    },
    {
      "mode": "managed",
      "type": "azurerm_public_ip",
      "name": "appvm_public_ip_address",
      "provider": "provider[\"registry.terraform.io/hashicorp/azurerm\"]",
      "instances": [
        {
          "schema_version": 0,
          "attributes": {
            "allocation_method": "Static",
            "availability_zone": "No-Zone",
            "domain_name_label": null,
            "fqdn": null,
            "id": "/subscriptions/4477db70-a73b-4972-93d8-5feaed9f53b2/resourceGroups/aim-dev-RG1/providers/Microsoft.Network/publicIPAddresses/aim-dev-appvm-public-ip",
            "idle_timeout_in_minutes": 4,
            "ip_address": "20.127.78.42",
            "ip_tags": {},
            "ip_version": "IPv4",
            "location": "eastus",
            "name": "aim-dev-appvm-public-ip",
            "public_ip_prefix_id": null,
            "resource_group_name": "aim-dev-RG1",
            "reverse_fqdn": null,
            "sku": "Basic",
            "sku_tier": "Regional",
            "tags": {},
            "timeouts": null,
            "zones": []
          },
          "sensitive_attributes": [],
          "private": "eyJlMmJmYjczMC1lY2FhLTExZTYtOGY4OC0zNDM2M2JjN2M0YzAiOnsiY3JlYXRlIjoxODAwMDAwMDAwMDAwLCJkZWxldGUiOjE4MDAwMDAwMDAwMDAsInJlYWQiOjMwMDAwMDAwMDAwMCwidXBkYXRlIjoxODAwMDAwMDAwMDAwfX0=",
          "dependencies": [
            "azurerm_resource_group.RG1"
          ]
        }
      ]
    },
    {
      "mode": "managed",
      "type": "azurerm_public_ip",
      "name": "mgmtvm_public_ip_address",
      "provider": "provider[\"registry.terraform.io/hashicorp/azurerm\"]",
      "instances": [
        {
          "schema_version": 0,
          "attributes": {
            "allocation_method": "Static",
            "availability_zone": "No-Zone",
            "domain_name_label": null,
            "fqdn": null,
            "id": "/subscriptions/4477db70-a73b-4972-93d8-5feaed9f53b2/resourceGroups/aim-dev-RG1/providers/Microsoft.Network/publicIPAddresses/aim-dev-mgmtvm-public-ip",
            "idle_timeout_in_minutes": 4,
            "ip_address": "20.127.73.255",
            "ip_tags": {},
            "ip_version": "IPv4",
            "location": "eastus",
            "name": "aim-dev-mgmtvm-public-ip",
            "public_ip_prefix_id": null,
            "resource_group_name": "aim-dev-RG1",
            "reverse_fqdn": null,
            "sku": "Basic",
            "sku_tier": "Regional",
            "tags": {},
            "timeouts": null,
            "zones": []
          },
          "sensitive_attributes": [],
          "private": "eyJlMmJmYjczMC1lY2FhLTExZTYtOGY4OC0zNDM2M2JjN2M0YzAiOnsiY3JlYXRlIjoxODAwMDAwMDAwMDAwLCJkZWxldGUiOjE4MDAwMDAwMDAwMDAsInJlYWQiOjMwMDAwMDAwMDAwMCwidXBkYXRlIjoxODAwMDAwMDAwMDAwfX0=",
          "dependencies": [
            "azurerm_resource_group.RG1"
          ]
        }
      ]
    },
    {
      "mode": "managed",
      "type": "azurerm_resource_group",
      "name": "RG1",
      "provider": "provider[\"registry.terraform.io/hashicorp/azurerm\"]",
      "instances": [
        {
          "schema_version": 0,
          "attributes": {
            "id": "/subscriptions/4477db70-a73b-4972-93d8-5feaed9f53b2/resourceGroups/aim-dev-RG1",
            "location": "eastus",
            "name": "aim-dev-RG1",
            "tags": {
              "environment": "dev",
              "project": "aim"
            },
            "timeouts": null
          },
          "sensitive_attributes": [],
          "private": "eyJlMmJmYjczMC1lY2FhLTExZTYtOGY4OC0zNDM2M2JjN2M0YzAiOnsiY3JlYXRlIjo1NDAwMDAwMDAwMDAwLCJkZWxldGUiOjU0MDAwMDAwMDAwMDAsInJlYWQiOjMwMDAwMDAwMDAwMCwidXBkYXRlIjo1NDAwMDAwMDAwMDAwfX0="
        }
      ]
    },
    {
      "mode": "managed",
      "type": "azurerm_subnet",
      "name": "app_subnet",
      "provider": "provider[\"registry.terraform.io/hashicorp/azurerm\"]",
      "instances": [
        {
          "schema_version": 0,
          "attributes": {
            "address_prefix": "10.0.2.0/24",
            "address_prefixes": [
              "10.0.2.0/24"
            ],
            "delegation": [],
            "enforce_private_link_endpoint_network_policies": false,
            "enforce_private_link_service_network_policies": false,
            "id": "/subscriptions/4477db70-a73b-4972-93d8-5feaed9f53b2/resourceGroups/aim-dev-RG1/providers/Microsoft.Network/virtualNetworks/aim-dev-vnet_app/subnets/aim-dev-appsubnet",
            "name": "aim-dev-appsubnet",
            "resource_group_name": "aim-dev-RG1",
            "service_endpoint_policy_ids": [],
            "service_endpoints": [],
            "timeouts": null,
            "virtual_network_name": "aim-dev-vnet_app"
          },
          "sensitive_attributes": [],
          "private": "eyJlMmJmYjczMC1lY2FhLTExZTYtOGY4OC0zNDM2M2JjN2M0YzAiOnsiY3JlYXRlIjoxODAwMDAwMDAwMDAwLCJkZWxldGUiOjE4MDAwMDAwMDAwMDAsInJlYWQiOjMwMDAwMDAwMDAwMCwidXBkYXRlIjoxODAwMDAwMDAwMDAwfX0=",
          "dependencies": [
            "azurerm_virtual_network.app_vnet",
            "azurerm_resource_group.RG1"
          ]
        }
      ]
    },
    {
      "mode": "managed",
      "type": "azurerm_subnet",
      "name": "mgmt_subnet",
      "provider": "provider[\"registry.terraform.io/hashicorp/azurerm\"]",
      "instances": [
        {
          "schema_version": 0,
          "attributes": {
            "address_prefix": "20.0.1.0/24",
            "address_prefixes": [
              "20.0.1.0/24"
            ],
            "delegation": [],
            "enforce_private_link_endpoint_network_policies": false,
            "enforce_private_link_service_network_policies": false,
            "id": "/subscriptions/4477db70-a73b-4972-93d8-5feaed9f53b2/resourceGroups/aim-dev-RG1/providers/Microsoft.Network/virtualNetworks/aim-dev-vnet_mgmt/subnets/aim-dev-mgmtsubnet",
            "name": "aim-dev-mgmtsubnet",
            "resource_group_name": "aim-dev-RG1",
            "service_endpoint_policy_ids": [],
            "service_endpoints": [],
            "timeouts": null,
            "virtual_network_name": "aim-dev-vnet_mgmt"
          },
          "sensitive_attributes": [],
          "private": "eyJlMmJmYjczMC1lY2FhLTExZTYtOGY4OC0zNDM2M2JjN2M0YzAiOnsiY3JlYXRlIjoxODAwMDAwMDAwMDAwLCJkZWxldGUiOjE4MDAwMDAwMDAwMDAsInJlYWQiOjMwMDAwMDAwMDAwMCwidXBkYXRlIjoxODAwMDAwMDAwMDAwfX0=",
          "dependencies": [
            "azurerm_resource_group.RG1",
            "azurerm_virtual_network.mgmt_vnet"
          ]
        }
      ]
    },
    {
      "mode": "managed",
      "type": "azurerm_virtual_network",
      "name": "app_vnet",
      "provider": "provider[\"registry.terraform.io/hashicorp/azurerm\"]",
      "instances": [
        {
          "schema_version": 0,
          "attributes": {
            "address_space": [
              "10.0.0.0/16"
            ],
            "bgp_community": "",
            "ddos_protection_plan": [],
            "dns_servers": [],
            "flow_timeout_in_minutes": 0,
            "guid": "1eeb816d-dccb-40f5-86d2-cfec3a05dd32",
            "id": "/subscriptions/4477db70-a73b-4972-93d8-5feaed9f53b2/resourceGroups/aim-dev-RG1/providers/Microsoft.Network/virtualNetworks/aim-dev-vnet_app",
            "location": "eastus",
            "name": "aim-dev-vnet_app",
            "resource_group_name": "aim-dev-RG1",
            "subnet": [
              {
                "address_prefix": "10.0.2.0/24",
                "id": "/subscriptions/4477db70-a73b-4972-93d8-5feaed9f53b2/resourceGroups/aim-dev-RG1/providers/Microsoft.Network/virtualNetworks/aim-dev-vnet_app/subnets/aim-dev-appsubnet",
                "name": "aim-dev-appsubnet",
                "security_group": ""
              }
            ],
            "tags": {},
            "timeouts": null,
            "vm_protection_enabled": false
          },
          "sensitive_attributes": [],
          "private": "eyJlMmJmYjczMC1lY2FhLTExZTYtOGY4OC0zNDM2M2JjN2M0YzAiOnsiY3JlYXRlIjoxODAwMDAwMDAwMDAwLCJkZWxldGUiOjE4MDAwMDAwMDAwMDAsInJlYWQiOjMwMDAwMDAwMDAwMCwidXBkYXRlIjoxODAwMDAwMDAwMDAwfX0=",
          "dependencies": [
            "azurerm_resource_group.RG1"
          ]
        }
      ]
    },
    {
      "mode": "managed",
      "type": "azurerm_virtual_network",
      "name": "mgmt_vnet",
      "provider": "provider[\"registry.terraform.io/hashicorp/azurerm\"]",
      "instances": [
        {
          "schema_version": 0,
          "attributes": {
            "address_space": [
              "20.0.0.0/16"
            ],
            "bgp_community": "",
            "ddos_protection_plan": [],
            "dns_servers": [],
            "flow_timeout_in_minutes": 0,
            "guid": "670af8f2-0c3e-46dd-a5c8-ba39a764d654",
            "id": "/subscriptions/4477db70-a73b-4972-93d8-5feaed9f53b2/resourceGroups/aim-dev-RG1/providers/Microsoft.Network/virtualNetworks/aim-dev-vnet_mgmt",
            "location": "eastus",
            "name": "aim-dev-vnet_mgmt",
            "resource_group_name": "aim-dev-RG1",
            "subnet": [
              {
                "address_prefix": "20.0.1.0/24",
                "id": "/subscriptions/4477db70-a73b-4972-93d8-5feaed9f53b2/resourceGroups/aim-dev-RG1/providers/Microsoft.Network/virtualNetworks/aim-dev-vnet_mgmt/subnets/aim-dev-mgmtsubnet",
                "name": "aim-dev-mgmtsubnet",
                "security_group": ""
              }
            ],
            "tags": {},
            "timeouts": null,
            "vm_protection_enabled": false
          },
          "sensitive_attributes": [],
          "private": "eyJlMmJmYjczMC1lY2FhLTExZTYtOGY4OC0zNDM2M2JjN2M0YzAiOnsiY3JlYXRlIjoxODAwMDAwMDAwMDAwLCJkZWxldGUiOjE4MDAwMDAwMDAwMDAsInJlYWQiOjMwMDAwMDAwMDAwMCwidXBkYXRlIjoxODAwMDAwMDAwMDAwfX0=",
          "dependencies": [
            "azurerm_resource_group.RG1"
          ]
        }
      ]
    },
    {
      "mode": "managed",
      "type": "azurerm_virtual_network_peering",
      "name": "app-mgmt-peering",
      "provider": "provider[\"registry.terraform.io/hashicorp/azurerm\"]",
      "instances": [
        {
          "schema_version": 0,
          "attributes": {
            "allow_forwarded_traffic": false,
            "allow_gateway_transit": false,
            "allow_virtual_network_access": true,
            "id": "/subscriptions/4477db70-a73b-4972-93d8-5feaed9f53b2/resourceGroups/aim-dev-RG1/providers/Microsoft.Network/virtualNetworks/aim-dev-vnet_app/virtualNetworkPeerings/aim-dev-app-mgmt-peering",
            "name": "aim-dev-app-mgmt-peering",
            "remote_virtual_network_id": "/subscriptions/4477db70-a73b-4972-93d8-5feaed9f53b2/resourceGroups/aim-dev-RG1/providers/Microsoft.Network/virtualNetworks/aim-dev-vnet_mgmt",
            "resource_group_name": "aim-dev-RG1",
            "timeouts": null,
            "use_remote_gateways": false,
            "virtual_network_name": "aim-dev-vnet_app"
          },
          "sensitive_attributes": [],
          "private": "eyJlMmJmYjczMC1lY2FhLTExZTYtOGY4OC0zNDM2M2JjN2M0YzAiOnsiY3JlYXRlIjoxODAwMDAwMDAwMDAwLCJkZWxldGUiOjE4MDAwMDAwMDAwMDAsInJlYWQiOjMwMDAwMDAwMDAwMCwidXBkYXRlIjoxODAwMDAwMDAwMDAwfX0=",
          "dependencies": [
            "azurerm_resource_group.RG1",
            "azurerm_virtual_network.app_vnet",
            "azurerm_virtual_network.mgmt_vnet"
          ]
        }
      ]
    },
    {
      "mode": "managed",
      "type": "azurerm_virtual_network_peering",
      "name": "mgmt-app-peering",
      "provider": "provider[\"registry.terraform.io/hashicorp/azurerm\"]",
      "instances": [
        {
          "schema_version": 0,
          "attributes": {
            "allow_forwarded_traffic": false,
            "allow_gateway_transit": false,
            "allow_virtual_network_access": true,
            "id": "/subscriptions/4477db70-a73b-4972-93d8-5feaed9f53b2/resourceGroups/aim-dev-RG1/providers/Microsoft.Network/virtualNetworks/aim-dev-vnet_mgmt/virtualNetworkPeerings/aim-dev-mgmt-app-peering",
            "name": "aim-dev-mgmt-app-peering",
            "remote_virtual_network_id": "/subscriptions/4477db70-a73b-4972-93d8-5feaed9f53b2/resourceGroups/aim-dev-RG1/providers/Microsoft.Network/virtualNetworks/aim-dev-vnet_app",
            "resource_group_name": "aim-dev-RG1",
            "timeouts": null,
            "use_remote_gateways": false,
            "virtual_network_name": "aim-dev-vnet_mgmt"
          },
          "sensitive_attributes": [],
          "private": "eyJlMmJmYjczMC1lY2FhLTExZTYtOGY4OC0zNDM2M2JjN2M0YzAiOnsiY3JlYXRlIjoxODAwMDAwMDAwMDAwLCJkZWxldGUiOjE4MDAwMDAwMDAwMDAsInJlYWQiOjMwMDAwMDAwMDAwMCwidXBkYXRlIjoxODAwMDAwMDAwMDAwfX0=",
          "dependencies": [
            "azurerm_resource_group.RG1",
            "azurerm_virtual_network.app_vnet",
            "azurerm_virtual_network.mgmt_vnet"
          ]
        }
      ]
    }
  ]
}
