{
  "version": 4,
  "terraform_version": "1.0.11",
  "serial": 281,
  "lineage": "2d421b3a-74a3-4019-b2bc-e51252ef5ca3",
  "outputs": {
    "mycode": {
      "value": {
        "id": "/subscriptions/4477db70-a73b-4972-93d8-5feaed9f53b2/resourceGroups/aim-dev-ajith_rg",
        "location": "eastus",
        "name": "aim-dev-ajith_rg",
        "tags": {
          "environment": "dev",
          "project": "aim"
        },
        "timeouts": null
      },
      "type": [
        "object",
        {
          "id": "string",
          "location": "string",
          "name": "string",
          "tags": [
            "map",
            "string"
          ],
          "timeouts": [
            "object",
            {
              "create": "string",
              "delete": "string",
              "read": "string",
              "update": "string"
            }
          ]
        }
      ]
    }
  },
  "resources": [
    {
      "mode": "managed",
      "type": "azurerm_resource_group",
      "name": "myrg1",
      "provider": "provider[\"registry.terraform.io/hashicorp/azurerm\"]",
      "instances": [
        {
          "schema_version": 0,
          "attributes": {
            "id": "/subscriptions/4477db70-a73b-4972-93d8-5feaed9f53b2/resourceGroups/aim-dev-ajith_rg",
            "location": "eastus",
            "name": "aim-dev-ajith_rg",
            "tags": {
              "environment": "dev",
              "project": "aim"
            },
            "timeouts": null
          },
          "sensitive_attributes": [],
          "private": "eyJlMmJmYjczMC1lY2FhLTExZTYtOGY4OC0zNDM2M2JjN2M0YzAiOnsiY3JlYXRlIjo1NDAwMDAwMDAwMDAwLCJkZWxldGUiOjU0MDAwMDAwMDAwMDAsInJlYWQiOjMwMDAwMDAwMDAwMCwidXBkYXRlIjo1NDAwMDAwMDAwMDAwfX0="
        }
      ]
    },
    {
      "mode": "managed",
      "type": "azurerm_storage_account",
      "name": "app1",
      "provider": "provider[\"registry.terraform.io/hashicorp/azurerm\"]",
      "instances": [
        {
          "schema_version": 2,
          "attributes": {
            "access_tier": "Hot",
            "account_kind": "StorageV2",
            "account_replication_type": "GRS",
            "account_tier": "Standard",
            "allow_blob_public_access": false,
            "azure_files_authentication": [],
            "blob_properties": [
              {
                "change_feed_enabled": false,
                "container_delete_retention_policy": [],
                "cors_rule": [],
                "default_service_version": "",
                "delete_retention_policy": [],
                "last_access_time_enabled": false,
                "versioning_enabled": false
              }
            ],
            "custom_domain": [],
            "enable_https_traffic_only": true,
            "id": "/subscriptions/4477db70-a73b-4972-93d8-5feaed9f53b2/resourceGroups/aim-dev-ajith_rg/providers/Microsoft.Storage/storageAccounts/ajithteststraccount",
            "identity": [],
            "infrastructure_encryption_enabled": false,
            "is_hns_enabled": false,
            "large_file_share_enabled": null,
            "location": "eastus",
            "min_tls_version": "TLS1_0",
            "name": "ajithteststraccount",
            "network_rules": [
              {
                "bypass": [
                  "AzureServices"
                ],
                "default_action": "Allow",
                "ip_rules": [],
                "private_link_access": [],
                "virtual_network_subnet_ids": []
              }
            ],
            "nfsv3_enabled": false,
            "primary_access_key": "ZwCwrt8NE4m6ayPnY08K+mJJUrL6Ge0J3NXqgqG0/YyuXtsS0a/xHHJ3XwKpsDM0iEtC9Y1K8Yuta6RzYnjFgw==",
            "primary_blob_connection_string": "DefaultEndpointsProtocol=https;BlobEndpoint=https://ajithteststraccount.blob.core.windows.net/;AccountName=ajithteststraccount;AccountKey=ZwCwrt8NE4m6ayPnY08K+mJJUrL6Ge0J3NXqgqG0/YyuXtsS0a/xHHJ3XwKpsDM0iEtC9Y1K8Yuta6RzYnjFgw==",
            "primary_blob_endpoint": "https://ajithteststraccount.blob.core.windows.net/",
            "primary_blob_host": "ajithteststraccount.blob.core.windows.net",
            "primary_connection_string": "DefaultEndpointsProtocol=https;AccountName=ajithteststraccount;AccountKey=ZwCwrt8NE4m6ayPnY08K+mJJUrL6Ge0J3NXqgqG0/YyuXtsS0a/xHHJ3XwKpsDM0iEtC9Y1K8Yuta6RzYnjFgw==;EndpointSuffix=core.windows.net",
            "primary_dfs_endpoint": "https://ajithteststraccount.dfs.core.windows.net/",
            "primary_dfs_host": "ajithteststraccount.dfs.core.windows.net",
            "primary_file_endpoint": "https://ajithteststraccount.file.core.windows.net/",
            "primary_file_host": "ajithteststraccount.file.core.windows.net",
            "primary_location": "eastus",
            "primary_queue_endpoint": "https://ajithteststraccount.queue.core.windows.net/",
            "primary_queue_host": "ajithteststraccount.queue.core.windows.net",
            "primary_table_endpoint": "https://ajithteststraccount.table.core.windows.net/",
            "primary_table_host": "ajithteststraccount.table.core.windows.net",
            "primary_web_endpoint": "https://ajithteststraccount.z13.web.core.windows.net/",
            "primary_web_host": "ajithteststraccount.z13.web.core.windows.net",
            "queue_encryption_key_type": "Service",
            "queue_properties": [
              {
                "cors_rule": [],
                "hour_metrics": [
                  {
                    "enabled": true,
                    "include_apis": true,
                    "retention_policy_days": 7,
                    "version": "1.0"
                  }
                ],
                "logging": [
                  {
                    "delete": false,
                    "read": false,
                    "retention_policy_days": 0,
                    "version": "1.0",
                    "write": false
                  }
                ],
                "minute_metrics": [
                  {
                    "enabled": false,
                    "include_apis": false,
                    "retention_policy_days": 0,
                    "version": "1.0"
                  }
                ]
              }
            ],
            "resource_group_name": "aim-dev-ajith_rg",
            "routing": [],
            "secondary_access_key": "8vCkzX8CuL4VgB3r945a9H4Uk4UgGfmcrPBTXYuhQAcEI+Lq7ST8KbHuLoLJxdHIVqXpNhVS6ZOoyqUDWdTnlA==",
            "secondary_blob_connection_string": "",
            "secondary_blob_endpoint": null,
            "secondary_blob_host": null,
            "secondary_connection_string": "DefaultEndpointsProtocol=https;AccountName=ajithteststraccount;AccountKey=8vCkzX8CuL4VgB3r945a9H4Uk4UgGfmcrPBTXYuhQAcEI+Lq7ST8KbHuLoLJxdHIVqXpNhVS6ZOoyqUDWdTnlA==;EndpointSuffix=core.windows.net",
            "secondary_dfs_endpoint": null,
            "secondary_dfs_host": null,
            "secondary_file_endpoint": null,
            "secondary_file_host": null,
            "secondary_location": "westus",
            "secondary_queue_endpoint": null,
            "secondary_queue_host": null,
            "secondary_table_endpoint": null,
            "secondary_table_host": null,
            "secondary_web_endpoint": null,
            "secondary_web_host": null,
            "share_properties": [
              {
                "cors_rule": [],
                "retention_policy": [
                  {
                    "days": 7
                  }
                ],
                "smb": []
              }
            ],
            "shared_access_key_enabled": true,
            "static_website": [],
            "table_encryption_key_type": "Service",
            "tags": {},
            "timeouts": null
          },
          "sensitive_attributes": [],
          "private": "eyJlMmJmYjczMC1lY2FhLTExZTYtOGY4OC0zNDM2M2JjN2M0YzAiOnsiY3JlYXRlIjozNjAwMDAwMDAwMDAwLCJkZWxldGUiOjM2MDAwMDAwMDAwMDAsInJlYWQiOjMwMDAwMDAwMDAwMCwidXBkYXRlIjozNjAwMDAwMDAwMDAwfSwic2NoZW1hX3ZlcnNpb24iOiIyIn0=",
          "dependencies": [
            "azurerm_resource_group.myrg1"
          ]
        }
      ]
    },
    {
      "mode": "managed",
      "type": "azurerm_storage_container",
      "name": "app1_container",
      "provider": "provider[\"registry.terraform.io/hashicorp/azurerm\"]",
      "instances": [
        {
          "schema_version": 1,
          "attributes": {
            "container_access_type": "private",
            "has_immutability_policy": false,
            "has_legal_hold": false,
            "id": "https://ajithteststraccount.blob.core.windows.net/app1container",
            "metadata": {},
            "name": "app1container",
            "resource_manager_id": "/subscriptions/4477db70-a73b-4972-93d8-5feaed9f53b2/resourceGroups/aim-dev-ajith_rg/providers/Microsoft.Storage/storageAccounts/ajithteststraccount/blobServices/default/containers/app1container",
            "storage_account_name": "ajithteststraccount",
            "timeouts": null
          },
          "sensitive_attributes": [],
          "private": "eyJlMmJmYjczMC1lY2FhLTExZTYtOGY4OC0zNDM2M2JjN2M0YzAiOnsiY3JlYXRlIjoxODAwMDAwMDAwMDAwLCJkZWxldGUiOjE4MDAwMDAwMDAwMDAsInJlYWQiOjMwMDAwMDAwMDAwMCwidXBkYXRlIjoxODAwMDAwMDAwMDAwfSwic2NoZW1hX3ZlcnNpb24iOiIxIn0=",
          "dependencies": [
            "azurerm_storage_account.app1"
          ]
        }
      ]
    },
    {
      "mode": "managed",
      "type": "random_string",
      "name": "myrandom",
      "provider": "provider[\"registry.terraform.io/hashicorp/random\"]",
      "instances": [
        {
          "schema_version": 1,
          "attributes": {
            "id": "2y8nmd",
            "keepers": null,
            "length": 6,
            "lower": true,
            "min_lower": 0,
            "min_numeric": 0,
            "min_special": 0,
            "min_upper": 0,
            "number": true,
            "override_special": null,
            "result": "2y8nmd",
            "special": false,
            "upper": false
          },
          "sensitive_attributes": [],
          "private": "eyJzY2hlbWFfdmVyc2lvbiI6IjEifQ=="
        }
      ]
    }
  ]
}
